{
  "version": 1,
  "dependencies": {
    "UAP,Version=v10.0.17763": {
      "Microsoft.WindowsAppSDK": {
        "type": "Direct",
        "requested": "[1.7.250401001, )",
        "resolved": "1.7.250401001",
        "contentHash": "kPsJ2LZoo3Xs/6FtIWMZRGnQ2ZMx9zDa0ZpqRGz1qwZr0gwwlXZJTmngaA1Ym2AHmIa05NtX2jEE2He8CzfhTg==",
        "dependencies": {
          "Microsoft.Web.WebView2": "1.0.2903.40",
          "Microsoft.Windows.SDK.BuildTools": "10.0.22621.756"
        }
      },
      "boost": {
        "type": "Transitive",
        "resolved": "1.83.0",
        "contentHash": "cy53VNMzysEMvhBixDe8ujPk67Fcj3v6FPHQnH91NYJNLHpc6jxa2xq9ruCaaJjE4M3YrGSHDi4uUSTGBWw6EQ=="
      },
      "Microsoft.JavaScript.Hermes": {
        "type": "Transitive",
        "resolved": "0.0.0-2511.7001-d7ca19b3",
        "contentHash": "/EGy/gbTWpFZPZ4Z81QxbGQxpZhqiOE3qrnSokZRgXAyHivl15s7zZkRLOy9daDmVyEfanq7YBCOMi0ha58uQA=="
      },
      "Microsoft.ReactNative": {
        "type": "Transitive",
        "resolved": "0.81.4",
        "contentHash": "Sko/0mvMLPxlzG3fuGBn7WxlRpF+H/Tg462llLVeT0Jdk1aZ8ieQ9Je9I4uJa+iHO1/+f2+IfbKIFMQJ/DdFnQ=="
      },
      "Microsoft.ReactNative.Cxx": {
        "type": "Transitive",
        "resolved": "0.81.4",
        "contentHash": "qiqaDQjpuPT0Z4nc+LbWxKRJXPh0FKeja80PJJb1Why1hL5Pbj+B2Itx0fV3MJHeQrXK56y47e9w+7giQMlpKQ==",
        "dependencies": {
          "Microsoft.ReactNative": "0.81.4"
        }
      },
      "Microsoft.VCRTForwarders.140": {
        "type": "Transitive",
        "resolved": "1.0.2-rc",
        "contentHash": "/r+sjtEeCIGyDhobIZ5hSmYhC/dSyGZxf1SxYJpElUhB0LMCktOMFs9gXrauXypIFECpVynNyVjAmJt6hjJ5oQ=="
      },
      "Microsoft.Web.WebView2": {
        "type": "Transitive",
        "resolved": "1.0.2903.40",
        "contentHash": "THrzYAnJgE3+cNH+9Epr44XjoZoRELdVpXlWGPs6K9C9G6TqyDfVCeVAR/Er8ljLitIUX5gaSkPsy9wRhD1sgQ=="
      },
      "Microsoft.Windows.SDK.BuildTools": {
        "type": "Transitive",
        "resolved": "10.0.22621.756",
        "contentHash": "7ZL2sFSioYm1Ry067Kw1hg0SCcW5kuVezC2SwjGbcPE61Nn+gTbH86T73G3LcEOVj0S3IZzNuE/29gZvOLS7VA=="
      },
      "reactnativescreensexample": {
        "type": "Project",
        "dependencies": {
          "Microsoft.JavaScript.Hermes": "[0.0.0-2511.7001-d7ca19b3, )",
          "Microsoft.ReactNative": "[0.81.4, )",
          "Microsoft.ReactNative.Cxx": "[0.81.4, )",
          "Microsoft.VCRTForwarders.140": "[1.0.2-rc, )",
          "Microsoft.WindowsAppSDK": "[1.7.250401001, )",
          "RNScreens": "[1.0.0, )",
          "boost": "[1.83.0, )"
        }
      },
      "rnscreens": {
        "type": "Project",
        "dependencies": {
          "Microsoft.ReactNative": "[0.81.4, )",
          "Microsoft.ReactNative.Cxx": "[0.81.4, )",
          "Microsoft.VCRTForwarders.140": "[1.0.2-rc, )",
          "Microsoft.WindowsAppSDK": "[1.7.250401001, )",
          "boost": "[1.83.0, )"
        }
      }
    },
    "UAP,Version=v10.0.17763/win10-arm": {
      "Microsoft.WindowsAppSDK": {
        "type": "Direct",
        "requested": "[1.7.250401001, )",
        "resolved": "1.7.250401001",
        "contentHash": "kPsJ2LZoo3Xs/6FtIWMZRGnQ2ZMx9zDa0ZpqRGz1qwZr0gwwlXZJTmngaA1Ym2AHmIa05NtX2jEE2He8CzfhTg==",
        "dependencies": {
          "Microsoft.Web.WebView2": "1.0.2903.40",
          "Microsoft.Windows.SDK.BuildTools": "10.0.22621.756"
        }
      },
      "Microsoft.ReactNative": {
        "type": "Transitive",
        "resolved": "0.81.4",
        "contentHash": "Sko/0mvMLPxlzG3fuGBn7WxlRpF+H/Tg462llLVeT0Jdk1aZ8ieQ9Je9I4uJa+iHO1/+f2+IfbKIFMQJ/DdFnQ=="
      },
      "Microsoft.VCRTForwarders.140": {
        "type": "Transitive",
        "resolved": "1.0.2-rc",
        "contentHash": "/r+sjtEeCIGyDhobIZ5hSmYhC/dSyGZxf1SxYJpElUhB0LMCktOMFs9gXrauXypIFECpVynNyVjAmJt6hjJ5oQ=="
      },
      "Microsoft.Web.WebView2": {
        "type": "Transitive",
        "resolved": "1.0.2903.40",
        "contentHash": "THrzYAnJgE3+cNH+9Epr44XjoZoRELdVpXlWGPs6K9C9G6TqyDfVCeVAR/Er8ljLitIUX5gaSkPsy9wRhD1sgQ=="
      }
    },
    "UAP,Version=v10.0.17763/win10-arm-aot": {
      "Microsoft.WindowsAppSDK": {
        "type": "Direct",
        "requested": "[1.7.250401001, )",
        "resolved": "1.7.250401001",
        "contentHash": "kPsJ2LZoo3Xs/6FtIWMZRGnQ2ZMx9zDa0ZpqRGz1qwZr0gwwlXZJTmngaA1Ym2AHmIa05NtX2jEE2He8CzfhTg==",
        "dependencies": {
          "Microsoft.Web.WebView2": "1.0.2903.40",
          "Microsoft.Windows.SDK.BuildTools": "10.0.22621.756"
        }
      },
      "Microsoft.ReactNative": {
        "type": "Transitive",
        "resolved": "0.81.4",
        "contentHash": "Sko/0mvMLPxlzG3fuGBn7WxlRpF+H/Tg462llLVeT0Jdk1aZ8ieQ9Je9I4uJa+iHO1/+f2+IfbKIFMQJ/DdFnQ=="
      },
      "Microsoft.VCRTForwarders.140": {
        "type": "Transitive",
        "resolved": "1.0.2-rc",
        "contentHash": "/r+sjtEeCIGyDhobIZ5hSmYhC/dSyGZxf1SxYJpElUhB0LMCktOMFs9gXrauXypIFECpVynNyVjAmJt6hjJ5oQ=="
      },
      "Microsoft.Web.WebView2": {
        "type": "Transitive",
        "resolved": "1.0.2903.40",
        "contentHash": "THrzYAnJgE3+cNH+9Epr44XjoZoRELdVpXlWGPs6K9C9G6TqyDfVCeVAR/Er8ljLitIUX5gaSkPsy9wRhD1sgQ=="
      }
    },
    "UAP,Version=v10.0.17763/win10-arm64-aot": {
      "Microsoft.WindowsAppSDK": {
        "type": "Direct",
        "requested": "[1.7.250401001, )",
        "resolved": "1.7.250401001",
        "contentHash": "kPsJ2LZoo3Xs/6FtIWMZRGnQ2ZMx9zDa0ZpqRGz1qwZr0gwwlXZJTmngaA1Ym2AHmIa05NtX2jEE2He8CzfhTg==",
        "dependencies": {
          "Microsoft.Web.WebView2": "1.0.2903.40",
          "Microsoft.Windows.SDK.BuildTools": "10.0.22621.756"
        }
      },
      "Microsoft.ReactNative": {
        "type": "Transitive",
        "resolved": "0.81.4",
        "contentHash": "Sko/0mvMLPxlzG3fuGBn7WxlRpF+H/Tg462llLVeT0Jdk1aZ8ieQ9Je9I4uJa+iHO1/+f2+IfbKIFMQJ/DdFnQ=="
      },
      "Microsoft.VCRTForwarders.140": {
        "type": "Transitive",
        "resolved": "1.0.2-rc",
        "contentHash": "/r+sjtEeCIGyDhobIZ5hSmYhC/dSyGZxf1SxYJpElUhB0LMCktOMFs9gXrauXypIFECpVynNyVjAmJt6hjJ5oQ=="
      },
      "Microsoft.Web.WebView2": {
        "type": "Transitive",
        "resolved": "1.0.2903.40",
        "contentHash": "THrzYAnJgE3+cNH+9Epr44XjoZoRELdVpXlWGPs6K9C9G6TqyDfVCeVAR/Er8ljLitIUX5gaSkPsy9wRhD1sgQ=="
      }
    },
    "UAP,Version=v10.0.17763/win10-x64": {
      "Microsoft.WindowsAppSDK": {
        "type": "Direct",
        "requested": "[1.7.250401001, )",
        "resolved": "1.7.250401001",
        "contentHash": "kPsJ2LZoo3Xs/6FtIWMZRGnQ2ZMx9zDa0ZpqRGz1qwZr0gwwlXZJTmngaA1Ym2AHmIa05NtX2jEE2He8CzfhTg==",
        "dependencies": {
          "Microsoft.Web.WebView2": "1.0.2903.40",
          "Microsoft.Windows.SDK.BuildTools": "10.0.22621.756"
        }
      },
      "Microsoft.ReactNative": {
        "type": "Transitive",
        "resolved": "0.81.4",
        "contentHash": "Sko/0mvMLPxlzG3fuGBn7WxlRpF+H/Tg462llLVeT0Jdk1aZ8ieQ9Je9I4uJa+iHO1/+f2+IfbKIFMQJ/DdFnQ=="
      },
      "Microsoft.VCRTForwarders.140": {
        "type": "Transitive",
        "resolved": "1.0.2-rc",
        "contentHash": "/r+sjtEeCIGyDhobIZ5hSmYhC/dSyGZxf1SxYJpElUhB0LMCktOMFs9gXrauXypIFECpVynNyVjAmJt6hjJ5oQ=="
      },
      "Microsoft.Web.WebView2": {
        "type": "Transitive",
        "resolved": "1.0.2903.40",
        "contentHash": "THrzYAnJgE3+cNH+9Epr44XjoZoRELdVpXlWGPs6K9C9G6TqyDfVCeVAR/Er8ljLitIUX5gaSkPsy9wRhD1sgQ=="
      }
    },
    "UAP,Version=v10.0.17763/win10-x64-aot": {
      "Microsoft.WindowsAppSDK": {
        "type": "Direct",
        "requested": "[1.7.250401001, )",
        "resolved": "1.7.250401001",
        "contentHash": "kPsJ2LZoo3Xs/6FtIWMZRGnQ2ZMx9zDa0ZpqRGz1qwZr0gwwlXZJTmngaA1Ym2AHmIa05NtX2jEE2He8CzfhTg==",
        "dependencies": {
          "Microsoft.Web.WebView2": "1.0.2903.40",
          "Microsoft.Windows.SDK.BuildTools": "10.0.22621.756"
        }
      },
      "Microsoft.ReactNative": {
        "type": "Transitive",
        "resolved": "0.81.4",
        "contentHash": "Sko/0mvMLPxlzG3fuGBn7WxlRpF+H/Tg462llLVeT0Jdk1aZ8ieQ9Je9I4uJa+iHO1/+f2+IfbKIFMQJ/DdFnQ=="
      },
      "Microsoft.VCRTForwarders.140": {
        "type": "Transitive",
        "resolved": "1.0.2-rc",
        "contentHash": "/r+sjtEeCIGyDhobIZ5hSmYhC/dSyGZxf1SxYJpElUhB0LMCktOMFs9gXrauXypIFECpVynNyVjAmJt6hjJ5oQ=="
      },
      "Microsoft.Web.WebView2": {
        "type": "Transitive",
        "resolved": "1.0.2903.40",
        "contentHash": "THrzYAnJgE3+cNH+9Epr44XjoZoRELdVpXlWGPs6K9C9G6TqyDfVCeVAR/Er8ljLitIUX5gaSkPsy9wRhD1sgQ=="
      }
    },
    "UAP,Version=v10.0.17763/win10-x86": {
      "Microsoft.WindowsAppSDK": {
        "type": "Direct",
        "requested": "[1.7.250401001, )",
        "resolved": "1.7.250401001",
        "contentHash": "kPsJ2LZoo3Xs/6FtIWMZRGnQ2ZMx9zDa0ZpqRGz1qwZr0gwwlXZJTmngaA1Ym2AHmIa05NtX2jEE2He8CzfhTg==",
        "dependencies": {
          "Microsoft.Web.WebView2": "1.0.2903.40",
          "Microsoft.Windows.SDK.BuildTools": "10.0.22621.756"
        }
      },
      "Microsoft.ReactNative": {
        "type": "Transitive",
        "resolved": "0.81.4",
        "contentHash": "Sko/0mvMLPxlzG3fuGBn7WxlRpF+H/Tg462llLVeT0Jdk1aZ8ieQ9Je9I4uJa+iHO1/+f2+IfbKIFMQJ/DdFnQ=="
      },
      "Microsoft.VCRTForwarders.140": {
        "type": "Transitive",
        "resolved": "1.0.2-rc",
        "contentHash": "/r+sjtEeCIGyDhobIZ5hSmYhC/dSyGZxf1SxYJpElUhB0LMCktOMFs9gXrauXypIFECpVynNyVjAmJt6hjJ5oQ=="
      },
      "Microsoft.Web.WebView2": {
        "type": "Transitive",
        "resolved": "1.0.2903.40",
        "contentHash": "THrzYAnJgE3+cNH+9Epr44XjoZoRELdVpXlWGPs6K9C9G6TqyDfVCeVAR/Er8ljLitIUX5gaSkPsy9wRhD1sgQ=="
      }
    },
    "UAP,Version=v10.0.17763/win10-x86-aot": {
      "Microsoft.WindowsAppSDK": {
        "type": "Direct",
        "requested": "[1.7.250401001, )",
        "resolved": "1.7.250401001",
        "contentHash": "kPsJ2LZoo3Xs/6FtIWMZRGnQ2ZMx9zDa0ZpqRGz1qwZr0gwwlXZJTmngaA1Ym2AHmIa05NtX2jEE2He8CzfhTg==",
        "dependencies": {
          "Microsoft.Web.WebView2": "1.0.2903.40",
          "Microsoft.Windows.SDK.BuildTools": "10.0.22621.756"
        }
      },
      "Microsoft.ReactNative": {
        "type": "Transitive",
        "resolved": "0.81.4",
        "contentHash": "Sko/0mvMLPxlzG3fuGBn7WxlRpF+H/Tg462llLVeT0Jdk1aZ8ieQ9Je9I4uJa+iHO1/+f2+IfbKIFMQJ/DdFnQ=="
      },
      "Microsoft.VCRTForwarders.140": {
        "type": "Transitive",
        "resolved": "1.0.2-rc",
        "contentHash": "/r+sjtEeCIGyDhobIZ5hSmYhC/dSyGZxf1SxYJpElUhB0LMCktOMFs9gXrauXypIFECpVynNyVjAmJt6hjJ5oQ=="
      },
      "Microsoft.Web.WebView2": {
        "type": "Transitive",
        "resolved": "1.0.2903.40",
        "contentHash": "THrzYAnJgE3+cNH+9Epr44XjoZoRELdVpXlWGPs6K9C9G6TqyDfVCeVAR/Er8ljLitIUX5gaSkPsy9wRhD1sgQ=="
      }
    }
  }
}