PODS:
  - boost (1.76.0)
  - CocoaAsyncSocket (7.6.5)
  - DoubleConversion (1.1.6)
  - FBLazyVector (0.66.5)
  - FBReactNativeSpec (0.66.5):
    - RCT-Folly (= 2021.06.28.00-v2)
    - RCTRequired (= 0.66.5)
    - RCTTypeSafety (= 0.66.5)
    - React-Core (= 0.66.5)
    - React-jsi (= 0.66.5)
    - ReactCommon/turbomodule/core (= 0.66.5)
  - Flipper (0.99.0):
    - Flipper-Folly (~> 2.6)
    - Flipper-RSocket (~> 1.4)
  - Flipper-Boost-iOSX (1.76.0.1.11)
  - Flipper-DoubleConversion (3.1.7)
  - Flipper-Fmt (7.1.7)
  - Flipper-Folly (2.6.7):
    - Flipper-Boost-iOSX
    - Flipper-DoubleConversion
    - Flipper-Fmt (= 7.1.7)
    - Flipper-Glog
    - libevent (~> 2.1.12)
    - OpenSSL-Universal (= 1.1.180)
  - Flipper-Glog (0.3.6)
  - Flipper-PeerTalk (0.0.4)
  - Flipper-RSocket (1.4.3):
    - Flipper-Folly (~> 2.6)
  - FlipperKit (0.99.0):
    - FlipperKit/Core (= 0.99.0)
  - FlipperKit/Core (0.99.0):
    - Flipper (~> 0.99.0)
    - FlipperKit/CppBridge
    - FlipperKit/FBCxxFollyDynamicConvert
    - FlipperKit/FBDefines
    - FlipperKit/FKPortForwarding
  - FlipperKit/CppBridge (0.99.0):
    - Flipper (~> 0.99.0)
  - FlipperKit/FBCxxFollyDynamicConvert (0.99.0):
    - Flipper-Folly (~> 2.6)
  - FlipperKit/FBDefines (0.99.0)
  - FlipperKit/FKPortForwarding (0.99.0):
    - CocoaAsyncSocket (~> 7.6)
    - Flipper-PeerTalk (~> 0.0.4)
  - FlipperKit/FlipperKitHighlightOverlay (0.99.0)
  - FlipperKit/FlipperKitLayoutHelpers (0.99.0):
    - FlipperKit/Core
    - FlipperKit/FlipperKitHighlightOverlay
    - FlipperKit/FlipperKitLayoutTextSearchable
  - FlipperKit/FlipperKitLayoutIOSDescriptors (0.99.0):
    - FlipperKit/Core
    - FlipperKit/FlipperKitHighlightOverlay
    - FlipperKit/FlipperKitLayoutHelpers
    - YogaKit (~> 1.18)
  - FlipperKit/FlipperKitLayoutPlugin (0.99.0):
    - FlipperKit/Core
    - FlipperKit/FlipperKitHighlightOverlay
    - FlipperKit/FlipperKitLayoutHelpers
    - FlipperKit/FlipperKitLayoutIOSDescriptors
    - FlipperKit/FlipperKitLayoutTextSearchable
    - YogaKit (~> 1.18)
  - FlipperKit/FlipperKitLayoutTextSearchable (0.99.0)
  - FlipperKit/FlipperKitNetworkPlugin (0.99.0):
    - FlipperKit/Core
  - FlipperKit/FlipperKitReactPlugin (0.99.0):
    - FlipperKit/Core
  - FlipperKit/FlipperKitUserDefaultsPlugin (0.99.0):
    - FlipperKit/Core
  - FlipperKit/SKIOSNetworkPlugin (0.99.0):
    - FlipperKit/Core
    - FlipperKit/FlipperKitNetworkPlugin
  - fmt (6.2.1)
  - glog (0.3.5)
  - libevent (2.1.12)
  - OpenSSL-Universal (1.1.180)
  - RCT-Folly (2021.06.28.00-v2):
    - boost
    - DoubleConversion
    - fmt (~> 6.2.1)
    - glog
    - RCT-Folly/Default (= 2021.06.28.00-v2)
  - RCT-Folly/Default (2021.06.28.00-v2):
    - boost
    - DoubleConversion
    - fmt (~> 6.2.1)
    - glog
  - RCTRequired (0.66.5)
  - RCTTypeSafety (0.66.5):
    - FBLazyVector (= 0.66.5)
    - RCT-Folly (= 2021.06.28.00-v2)
    - RCTRequired (= 0.66.5)
    - React-Core (= 0.66.5)
  - React (0.66.5):
    - React-Core (= 0.66.5)
    - React-Core/DevSupport (= 0.66.5)
    - React-Core/RCTWebSocket (= 0.66.5)
    - React-RCTActionSheet (= 0.66.5)
    - React-RCTAnimation (= 0.66.5)
    - React-RCTBlob (= 0.66.5)
    - React-RCTImage (= 0.66.5)
    - React-RCTLinking (= 0.66.5)
    - React-RCTNetwork (= 0.66.5)
    - React-RCTSettings (= 0.66.5)
    - React-RCTText (= 0.66.5)
    - React-RCTVibration (= 0.66.5)
  - React-callinvoker (0.66.5)
  - React-Core (0.66.5):
    - glog
    - RCT-Folly (= 2021.06.28.00-v2)
    - React-Core/Default (= 0.66.5)
    - React-cxxreact (= 0.66.5)
    - React-jsi (= 0.66.5)
    - React-jsiexecutor (= 0.66.5)
    - React-perflogger (= 0.66.5)
    - Yoga
  - React-Core/CoreModulesHeaders (0.66.5):
    - glog
    - RCT-Folly (= 2021.06.28.00-v2)
    - React-Core/Default
    - React-cxxreact (= 0.66.5)
    - React-jsi (= 0.66.5)
    - React-jsiexecutor (= 0.66.5)
    - React-perflogger (= 0.66.5)
    - Yoga
  - React-Core/Default (0.66.5):
    - glog
    - RCT-Folly (= 2021.06.28.00-v2)
    - React-cxxreact (= 0.66.5)
    - React-jsi (= 0.66.5)
    - React-jsiexecutor (= 0.66.5)
    - React-perflogger (= 0.66.5)
    - Yoga
  - React-Core/DevSupport (0.66.5):
    - glog
    - RCT-Folly (= 2021.06.28.00-v2)
    - React-Core/Default (= 0.66.5)
    - React-Core/RCTWebSocket (= 0.66.5)
    - React-cxxreact (= 0.66.5)
    - React-jsi (= 0.66.5)
    - React-jsiexecutor (= 0.66.5)
    - React-jsinspector (= 0.66.5)
    - React-perflogger (= 0.66.5)
    - Yoga
  - React-Core/RCTActionSheetHeaders (0.66.5):
    - glog
    - RCT-Folly (= 2021.06.28.00-v2)
    - React-Core/Default
    - React-cxxreact (= 0.66.5)
    - React-jsi (= 0.66.5)
    - React-jsiexecutor (= 0.66.5)
    - React-perflogger (= 0.66.5)
    - Yoga
  - React-Core/RCTAnimationHeaders (0.66.5):
    - glog
    - RCT-Folly (= 2021.06.28.00-v2)
    - React-Core/Default
    - React-cxxreact (= 0.66.5)
    - React-jsi (= 0.66.5)
    - React-jsiexecutor (= 0.66.5)
    - React-perflogger (= 0.66.5)
    - Yoga
  - React-Core/RCTBlobHeaders (0.66.5):
    - glog
    - RCT-Folly (= 2021.06.28.00-v2)
    - React-Core/Default
    - React-cxxreact (= 0.66.5)
    - React-jsi (= 0.66.5)
    - React-jsiexecutor (= 0.66.5)
    - React-perflogger (= 0.66.5)
    - Yoga
  - React-Core/RCTImageHeaders (0.66.5):
    - glog
    - RCT-Folly (= 2021.06.28.00-v2)
    - React-Core/Default
    - React-cxxreact (= 0.66.5)
    - React-jsi (= 0.66.5)
    - React-jsiexecutor (= 0.66.5)
    - React-perflogger (= 0.66.5)
    - Yoga
  - React-Core/RCTLinkingHeaders (0.66.5):
    - glog
    - RCT-Folly (= 2021.06.28.00-v2)
    - React-Core/Default
    - React-cxxreact (= 0.66.5)
    - React-jsi (= 0.66.5)
    - React-jsiexecutor (= 0.66.5)
    - React-perflogger (= 0.66.5)
    - Yoga
  - React-Core/RCTNetworkHeaders (0.66.5):
    - glog
    - RCT-Folly (= 2021.06.28.00-v2)
    - React-Core/Default
    - React-cxxreact (= 0.66.5)
    - React-jsi (= 0.66.5)
    - React-jsiexecutor (= 0.66.5)
    - React-perflogger (= 0.66.5)
    - Yoga
  - React-Core/RCTSettingsHeaders (0.66.5):
    - glog
    - RCT-Folly (= 2021.06.28.00-v2)
    - React-Core/Default
    - React-cxxreact (= 0.66.5)
    - React-jsi (= 0.66.5)
    - React-jsiexecutor (= 0.66.5)
    - React-perflogger (= 0.66.5)
    - Yoga
  - React-Core/RCTTextHeaders (0.66.5):
    - glog
    - RCT-Folly (= 2021.06.28.00-v2)
    - React-Core/Default
    - React-cxxreact (= 0.66.5)
    - React-jsi (= 0.66.5)
    - React-jsiexecutor (= 0.66.5)
    - React-perflogger (= 0.66.5)
    - Yoga
  - React-Core/RCTVibrationHeaders (0.66.5):
    - glog
    - RCT-Folly (= 2021.06.28.00-v2)
    - React-Core/Default
    - React-cxxreact (= 0.66.5)
    - React-jsi (= 0.66.5)
    - React-jsiexecutor (= 0.66.5)
    - React-perflogger (= 0.66.5)
    - Yoga
  - React-Core/RCTWebSocket (0.66.5):
    - glog
    - RCT-Folly (= 2021.06.28.00-v2)
    - React-Core/Default (= 0.66.5)
    - React-cxxreact (= 0.66.5)
    - React-jsi (= 0.66.5)
    - React-jsiexecutor (= 0.66.5)
    - React-perflogger (= 0.66.5)
    - Yoga
  - React-CoreModules (0.66.5):
    - FBReactNativeSpec (= 0.66.5)
    - RCT-Folly (= 2021.06.28.00-v2)
    - RCTTypeSafety (= 0.66.5)
    - React-Core/CoreModulesHeaders (= 0.66.5)
    - React-jsi (= 0.66.5)
    - React-RCTImage (= 0.66.5)
    - ReactCommon/turbomodule/core (= 0.66.5)
  - React-cxxreact (0.66.5):
    - boost (= 1.76.0)
    - DoubleConversion
    - glog
    - RCT-Folly (= 2021.06.28.00-v2)
    - React-callinvoker (= 0.66.5)
    - React-jsi (= 0.66.5)
    - React-jsinspector (= 0.66.5)
    - React-logger (= 0.66.5)
    - React-perflogger (= 0.66.5)
    - React-runtimeexecutor (= 0.66.5)
  - React-jsi (0.66.5):
    - boost (= 1.76.0)
    - DoubleConversion
    - glog
    - RCT-Folly (= 2021.06.28.00-v2)
    - React-jsi/Default (= 0.66.5)
  - React-jsi/Default (0.66.5):
    - boost (= 1.76.0)
    - DoubleConversion
    - glog
    - RCT-Folly (= 2021.06.28.00-v2)
  - React-jsiexecutor (0.66.5):
    - DoubleConversion
    - glog
    - RCT-Folly (= 2021.06.28.00-v2)
    - React-cxxreact (= 0.66.5)
    - React-jsi (= 0.66.5)
    - React-perflogger (= 0.66.5)
  - React-jsinspector (0.66.5)
  - React-logger (0.66.5):
    - glog
  - react-native-appearance (0.3.4):
    - React
  - react-native-restart (0.0.22):
    - React-Core
  - react-native-safe-area-context (4.0.1-rc.5):
    - RCT-Folly
    - RCTRequired
    - RCTTypeSafety
    - React
    - ReactCommon/turbomodule/core
  - react-native-webview (11.13.0):
    - React-Core
  - React-perflogger (0.66.5)
  - React-RCTActionSheet (0.66.5):
    - React-Core/RCTActionSheetHeaders (= 0.66.5)
  - React-RCTAnimation (0.66.5):
    - FBReactNativeSpec (= 0.66.5)
    - RCT-Folly (= 2021.06.28.00-v2)
    - RCTTypeSafety (= 0.66.5)
    - React-Core/RCTAnimationHeaders (= 0.66.5)
    - React-jsi (= 0.66.5)
    - ReactCommon/turbomodule/core (= 0.66.5)
  - React-RCTBlob (0.66.5):
    - FBReactNativeSpec (= 0.66.5)
    - RCT-Folly (= 2021.06.28.00-v2)
    - React-Core/RCTBlobHeaders (= 0.66.5)
    - React-Core/RCTWebSocket (= 0.66.5)
    - React-jsi (= 0.66.5)
    - React-RCTNetwork (= 0.66.5)
    - ReactCommon/turbomodule/core (= 0.66.5)
  - React-RCTImage (0.66.5):
    - FBReactNativeSpec (= 0.66.5)
    - RCT-Folly (= 2021.06.28.00-v2)
    - RCTTypeSafety (= 0.66.5)
    - React-Core/RCTImageHeaders (= 0.66.5)
    - React-jsi (= 0.66.5)
    - React-RCTNetwork (= 0.66.5)
    - ReactCommon/turbomodule/core (= 0.66.5)
  - React-RCTLinking (0.66.5):
    - FBReactNativeSpec (= 0.66.5)
    - React-Core/RCTLinkingHeaders (= 0.66.5)
    - React-jsi (= 0.66.5)
    - ReactCommon/turbomodule/core (= 0.66.5)
  - React-RCTNetwork (0.66.5):
    - FBReactNativeSpec (= 0.66.5)
    - RCT-Folly (= 2021.06.28.00-v2)
    - RCTTypeSafety (= 0.66.5)
    - React-Core/RCTNetworkHeaders (= 0.66.5)
    - React-jsi (= 0.66.5)
    - ReactCommon/turbomodule/core (= 0.66.5)
  - React-RCTSettings (0.66.5):
    - FBReactNativeSpec (= 0.66.5)
    - RCT-Folly (= 2021.06.28.00-v2)
    - RCTTypeSafety (= 0.66.5)
    - React-Core/RCTSettingsHeaders (= 0.66.5)
    - React-jsi (= 0.66.5)
    - ReactCommon/turbomodule/core (= 0.66.5)
  - React-RCTText (0.66.5):
    - React-Core/RCTTextHeaders (= 0.66.5)
  - React-RCTVibration (0.66.5):
    - FBReactNativeSpec (= 0.66.5)
    - RCT-Folly (= 2021.06.28.00-v2)
    - React-Core/RCTVibrationHeaders (= 0.66.5)
    - React-jsi (= 0.66.5)
    - ReactCommon/turbomodule/core (= 0.66.5)
  - React-runtimeexecutor (0.66.5):
    - React-jsi (= 0.66.5)
  - ReactCommon/turbomodule/core (0.66.5):
    - DoubleConversion
    - glog
    - RCT-Folly (= 2021.06.28.00-v2)
    - React-callinvoker (= 0.66.5)
    - React-Core (= 0.66.5)
    - React-cxxreact (= 0.66.5)
    - React-jsi (= 0.66.5)
    - React-logger (= 0.66.5)
    - React-perflogger (= 0.66.5)
  - RNCMaskedView (0.1.10):
    - React
  - RNGestureHandler (1.10.1):
    - React-Core
  - RNReanimated (1.13.2):
    - React-Core
  - RNScreens (3.18.2):
    - React-Core
    - React-RCTImage
  - RNVectorIcons (8.0.0):
    - React-Core
  - Yoga (1.14.0)
  - YogaKit (1.18.1):
    - Yoga (~> 1.14)

DEPENDENCIES:
  - boost (from `../node_modules/react-native/third-party-podspecs/boost.podspec`)
  - DoubleConversion (from `../node_modules/react-native/third-party-podspecs/DoubleConversion.podspec`)
  - FBLazyVector (from `../node_modules/react-native/Libraries/FBLazyVector`)
  - FBReactNativeSpec (from `../node_modules/react-native/React/FBReactNativeSpec`)
  - Flipper (= 0.99.0)
  - Flipper-Boost-iOSX (= 1.76.0.1.11)
  - Flipper-DoubleConversion (= 3.1.7)
  - Flipper-Fmt (= 7.1.7)
  - Flipper-Folly (= 2.6.7)
  - Flipper-Glog (= 0.3.6)
  - Flipper-PeerTalk (= 0.0.4)
  - Flipper-RSocket (= 1.4.3)
  - FlipperKit (= 0.99.0)
  - FlipperKit/Core (= 0.99.0)
  - FlipperKit/CppBridge (= 0.99.0)
  - FlipperKit/FBCxxFollyDynamicConvert (= 0.99.0)
  - FlipperKit/FBDefines (= 0.99.0)
  - FlipperKit/FKPortForwarding (= 0.99.0)
  - FlipperKit/FlipperKitHighlightOverlay (= 0.99.0)
  - FlipperKit/FlipperKitLayoutPlugin (= 0.99.0)
  - FlipperKit/FlipperKitLayoutTextSearchable (= 0.99.0)
  - FlipperKit/FlipperKitNetworkPlugin (= 0.99.0)
  - FlipperKit/FlipperKitReactPlugin (= 0.99.0)
  - FlipperKit/FlipperKitUserDefaultsPlugin (= 0.99.0)
  - FlipperKit/SKIOSNetworkPlugin (= 0.99.0)
  - glog (from `../node_modules/react-native/third-party-podspecs/glog.podspec`)
  - RCT-Folly (from `../node_modules/react-native/third-party-podspecs/RCT-Folly.podspec`)
  - RCTRequired (from `../node_modules/react-native/Libraries/RCTRequired`)
  - RCTTypeSafety (from `../node_modules/react-native/Libraries/TypeSafety`)
  - React (from `../node_modules/react-native/`)
  - React-callinvoker (from `../node_modules/react-native/ReactCommon/callinvoker`)
  - React-Core (from `../node_modules/react-native/`)
  - React-Core/DevSupport (from `../node_modules/react-native/`)
  - React-Core/RCTWebSocket (from `../node_modules/react-native/`)
  - React-CoreModules (from `../node_modules/react-native/React/CoreModules`)
  - React-cxxreact (from `../node_modules/react-native/ReactCommon/cxxreact`)
  - React-jsi (from `../node_modules/react-native/ReactCommon/jsi`)
  - React-jsiexecutor (from `../node_modules/react-native/ReactCommon/jsiexecutor`)
  - React-jsinspector (from `../node_modules/react-native/ReactCommon/jsinspector`)
  - React-logger (from `../node_modules/react-native/ReactCommon/logger`)
  - react-native-appearance (from `../node_modules/react-native-appearance`)
  - react-native-restart (from `../node_modules/react-native-restart`)
  - react-native-safe-area-context (from `../node_modules/react-native-safe-area-context`)
  - react-native-webview (from `../node_modules/react-native-webview`)
  - React-perflogger (from `../node_modules/react-native/ReactCommon/reactperflogger`)
  - React-RCTActionSheet (from `../node_modules/react-native/Libraries/ActionSheetIOS`)
  - React-RCTAnimation (from `../node_modules/react-native/Libraries/NativeAnimation`)
  - React-RCTBlob (from `../node_modules/react-native/Libraries/Blob`)
  - React-RCTImage (from `../node_modules/react-native/Libraries/Image`)
  - React-RCTLinking (from `../node_modules/react-native/Libraries/LinkingIOS`)
  - React-RCTNetwork (from `../node_modules/react-native/Libraries/Network`)
  - React-RCTSettings (from `../node_modules/react-native/Libraries/Settings`)
  - React-RCTText (from `../node_modules/react-native/Libraries/Text`)
  - React-RCTVibration (from `../node_modules/react-native/Libraries/Vibration`)
  - React-runtimeexecutor (from `../node_modules/react-native/ReactCommon/runtimeexecutor`)
  - ReactCommon/turbomodule/core (from `../node_modules/react-native/ReactCommon`)
  - "RNCMaskedView (from `../node_modules/@react-native-community/masked-view`)"
  - RNGestureHandler (from `../node_modules/react-native-gesture-handler`)
  - RNReanimated (from `../node_modules/react-native-reanimated`)
  - RNScreens (from `../../`)
  - RNVectorIcons (from `../node_modules/react-native-vector-icons`)
  - Yoga (from `../node_modules/react-native/ReactCommon/yoga`)

SPEC REPOS:
  trunk:
    - CocoaAsyncSocket
    - Flipper
    - Flipper-Boost-iOSX
    - Flipper-DoubleConversion
    - Flipper-Fmt
    - Flipper-Folly
    - Flipper-Glog
    - Flipper-PeerTalk
    - Flipper-RSocket
    - FlipperKit
    - fmt
    - libevent
    - OpenSSL-Universal
    - YogaKit

EXTERNAL SOURCES:
  boost:
    :podspec: "../node_modules/react-native/third-party-podspecs/boost.podspec"
  DoubleConversion:
    :podspec: "../node_modules/react-native/third-party-podspecs/DoubleConversion.podspec"
  FBLazyVector:
    :path: "../node_modules/react-native/Libraries/FBLazyVector"
  FBReactNativeSpec:
    :path: "../node_modules/react-native/React/FBReactNativeSpec"
  glog:
    :podspec: "../node_modules/react-native/third-party-podspecs/glog.podspec"
  RCT-Folly:
    :podspec: "../node_modules/react-native/third-party-podspecs/RCT-Folly.podspec"
  RCTRequired:
    :path: "../node_modules/react-native/Libraries/RCTRequired"
  RCTTypeSafety:
    :path: "../node_modules/react-native/Libraries/TypeSafety"
  React:
    :path: "../node_modules/react-native/"
  React-callinvoker:
    :path: "../node_modules/react-native/ReactCommon/callinvoker"
  React-Core:
    :path: "../node_modules/react-native/"
  React-CoreModules:
    :path: "../node_modules/react-native/React/CoreModules"
  React-cxxreact:
    :path: "../node_modules/react-native/ReactCommon/cxxreact"
  React-jsi:
    :path: "../node_modules/react-native/ReactCommon/jsi"
  React-jsiexecutor:
    :path: "../node_modules/react-native/ReactCommon/jsiexecutor"
  React-jsinspector:
    :path: "../node_modules/react-native/ReactCommon/jsinspector"
  React-logger:
    :path: "../node_modules/react-native/ReactCommon/logger"
  react-native-appearance:
    :path: "../node_modules/react-native-appearance"
  react-native-restart:
    :path: "../node_modules/react-native-restart"
  react-native-safe-area-context:
    :path: "../node_modules/react-native-safe-area-context"
  react-native-webview:
    :path: "../node_modules/react-native-webview"
  React-perflogger:
    :path: "../node_modules/react-native/ReactCommon/reactperflogger"
  React-RCTActionSheet:
    :path: "../node_modules/react-native/Libraries/ActionSheetIOS"
  React-RCTAnimation:
    :path: "../node_modules/react-native/Libraries/NativeAnimation"
  React-RCTBlob:
    :path: "../node_modules/react-native/Libraries/Blob"
  React-RCTImage:
    :path: "../node_modules/react-native/Libraries/Image"
  React-RCTLinking:
    :path: "../node_modules/react-native/Libraries/LinkingIOS"
  React-RCTNetwork:
    :path: "../node_modules/react-native/Libraries/Network"
  React-RCTSettings:
    :path: "../node_modules/react-native/Libraries/Settings"
  React-RCTText:
    :path: "../node_modules/react-native/Libraries/Text"
  React-RCTVibration:
    :path: "../node_modules/react-native/Libraries/Vibration"
  React-runtimeexecutor:
    :path: "../node_modules/react-native/ReactCommon/runtimeexecutor"
  ReactCommon:
    :path: "../node_modules/react-native/ReactCommon"
  RNCMaskedView:
    :path: "../node_modules/@react-native-community/masked-view"
  RNGestureHandler:
    :path: "../node_modules/react-native-gesture-handler"
  RNReanimated:
    :path: "../node_modules/react-native-reanimated"
  RNScreens:
    :path: "../../"
  RNVectorIcons:
    :path: "../node_modules/react-native-vector-icons"
  Yoga:
    :path: "../node_modules/react-native/ReactCommon/yoga"

SPEC CHECKSUMS:
  boost: a7c83b31436843459a1961bfd74b96033dc77234
  CocoaAsyncSocket: 065fd1e645c7abab64f7a6a2007a48038fdc6a99
  DoubleConversion: 831926d9b8bf8166fd87886c4abab286c2422662
  FBLazyVector: a926a9aaa3596b181972abf0f47eff3dee796222
  FBReactNativeSpec: f1141d5407f4a27c397bca5db03cc03919357b0d
  Flipper: 30e8eeeed6abdc98edaf32af0cda2f198be4b733
  Flipper-Boost-iOSX: fd1e2b8cbef7e662a122412d7ac5f5bea715403c
  Flipper-DoubleConversion: 57ffbe81ef95306cc9e69c4aa3aeeeeb58a6a28c
  Flipper-Fmt: 60cbdd92fc254826e61d669a5d87ef7015396a9b
  Flipper-Folly: 83af37379faa69497529e414bd43fbfc7cae259a
  Flipper-Glog: 1dfd6abf1e922806c52ceb8701a3599a79a200a6
  Flipper-PeerTalk: 116d8f857dc6ef55c7a5a75ea3ceaafe878aadc9
  Flipper-RSocket: d9d9ade67cbecf6ac10730304bf5607266dd2541
  FlipperKit: d8d346844eca5d9120c17d441a2f38596e8ed2b9
  fmt: ff9d55029c625d3757ed641535fd4a75fedc7ce9
  glog: 5337263514dd6f09803962437687240c5dc39aa4
  libevent: 4049cae6c81cdb3654a443be001fb9bdceff7913
  OpenSSL-Universal: 1aa4f6a6ee7256b83db99ec1ccdaa80d10f9af9b
  RCT-Folly: a21c126816d8025b547704b777a2ba552f3d9fa9
  RCTRequired: 405e24508a0feed1771d48caebb85c581db53122
  RCTTypeSafety: 0654998ea6afd3dccecbf6bb379d7c10d1361a72
  React: cce3ac45191e66a78c79234582cbfe322e4dfd00
  React-callinvoker: 613b19264ce63cab0a2bbb6546caa24f2ad0a679
  React-Core: fe529d7c1d74b3eb9505fdfc2f4b10f2f2984a85
  React-CoreModules: 71f5d032922a043ab6f9023acda41371a774bf5c
  React-cxxreact: 808c0d39b270860af712848082009d623180999c
  React-jsi: 01b246df3667ad921a33adeb0ce199772afe9e2b
  React-jsiexecutor: 50a73168582868421112609d2fb155e607e34ec8
  React-jsinspector: 953260b8580780a6e81f2a6d319a8d42fd5028d8
  React-logger: fa4ff1e9c7e115648f7c5dafb7c20822ab4f7a7e
  react-native-appearance: 0f0e5fc2fcef70e03d48c8fe6b00b9158c2ba8aa
  react-native-restart: 733a51ad137f15b0f8dc34c4082e55af7da00979
  react-native-safe-area-context: 44537ac9078b2e1e23fef0079cd70fbbf46f1f4c
  react-native-webview: 133a6a5149f963259646e710b4545c67ef35d7c9
  React-perflogger: 169fb34f60c5fd793b370002ee9c916eba9bc4ae
  React-RCTActionSheet: 2355539e02ad5cd4b1328682ab046487e1e1e920
  React-RCTAnimation: 150644a38c24d80f1f761859c10c727412303f57
  React-RCTBlob: 66042a0ab4206f112ed453130f2cb8802dd7cd82
  React-RCTImage: 3b954d8398ec4bed26cec10e10d311cb3533818b
  React-RCTLinking: 331d9b8a0702c751c7843ddc65b64297c264adc2
  React-RCTNetwork: 96e10dad824ce112087445199ea734b79791ad14
  React-RCTSettings: 41feb3f5fb3319846ad0ba9e8d339e54b5774b67
  React-RCTText: 254741e11c41516759e93ab0b8c38b90f8998f61
  React-RCTVibration: 96dbefca7504f3e52ff47cd0ad0826d20e3a789f
  React-runtimeexecutor: 09041c28ce04143a113eac2d357a6b06bd64b607
  ReactCommon: 8a7a138ae43c04bb8dd760935589f326ca810484
  RNCMaskedView: 5a8ec07677aa885546a0d98da336457e2bea557f
  RNGestureHandler: 5e58135436aacc1c5d29b75547d3d2b9430d052c
  RNReanimated: e03f7425cb7a38dcf1b644d680d1bfc91c3337ad
  RNScreens: 34cc502acf1b916c582c60003dc3089fa01dc66d
  RNVectorIcons: f67a1abce2ec73e62fe4606e8110e95a832bc859
  Yoga: b316a990bb6d115afa1b436b5626ac7c61717d17
  YogaKit: f782866e155069a2cca2517aafea43200b01fd5a

PODFILE CHECKSUM: 459089ec5d136d365c5a2280990b9d638cbda105

COCOAPODS: 1.11.3
