PODS:
  - boost (1.76.0)
  - CocoaAsyncSocket (7.6.5)
  - DoubleConversion (1.1.6)
  - FBLazyVector (0.0.0-20220126-2009-86fa2a510)
  - FBReactNativeSpec (0.0.0-20220126-2009-86fa2a510):
    - RCT-Folly (= 2021.06.28.00-v2)
    - RCTRequired (= 0.0.0-20220126-2009-86fa2a510)
    - RCTTypeSafety (= 0.0.0-20220126-2009-86fa2a510)
    - React-Core (= 0.0.0-20220126-2009-86fa2a510)
    - React-jsi (= 0.0.0-20220126-2009-86fa2a510)
    - ReactCommon/turbomodule/core (= 0.0.0-20220126-2009-86fa2a510)
  - Flipper (0.125.0):
    - Flipper-Folly (~> 2.6)
    - Flipper-RSocket (~> 1.4)
  - Flipper-Boost-iOSX (1.76.0.1.11)
  - Flipper-DoubleConversion (3.1.7)
  - Flipper-Fmt (7.1.7)
  - Flipper-Folly (2.6.10):
    - Flipper-Boost-iOSX
    - Flipper-DoubleConversion
    - Flipper-Fmt (= 7.1.7)
    - Flipper-Glog
    - libevent (~> 2.1.12)
    - OpenSSL-Universal (= 1.1.1100)
  - Flipper-Glog (0.3.9)
  - Flipper-PeerTalk (0.0.4)
  - Flipper-RSocket (1.4.3):
    - Flipper-Folly (~> 2.6)
  - FlipperKit (0.125.0):
    - FlipperKit/Core (= 0.125.0)
  - FlipperKit/Core (0.125.0):
    - Flipper (~> 0.125.0)
    - FlipperKit/CppBridge
    - FlipperKit/FBCxxFollyDynamicConvert
    - FlipperKit/FBDefines
    - FlipperKit/FKPortForwarding
    - SocketRocket (~> 0.6.0)
  - FlipperKit/CppBridge (0.125.0):
    - Flipper (~> 0.125.0)
  - FlipperKit/FBCxxFollyDynamicConvert (0.125.0):
    - Flipper-Folly (~> 2.6)
  - FlipperKit/FBDefines (0.125.0)
  - FlipperKit/FKPortForwarding (0.125.0):
    - CocoaAsyncSocket (~> 7.6)
    - Flipper-PeerTalk (~> 0.0.4)
  - FlipperKit/FlipperKitHighlightOverlay (0.125.0)
  - FlipperKit/FlipperKitLayoutHelpers (0.125.0):
    - FlipperKit/Core
    - FlipperKit/FlipperKitHighlightOverlay
    - FlipperKit/FlipperKitLayoutTextSearchable
  - FlipperKit/FlipperKitLayoutIOSDescriptors (0.125.0):
    - FlipperKit/Core
    - FlipperKit/FlipperKitHighlightOverlay
    - FlipperKit/FlipperKitLayoutHelpers
    - YogaKit (~> 1.18)
  - FlipperKit/FlipperKitLayoutPlugin (0.125.0):
    - FlipperKit/Core
    - FlipperKit/FlipperKitHighlightOverlay
    - FlipperKit/FlipperKitLayoutHelpers
    - FlipperKit/FlipperKitLayoutIOSDescriptors
    - FlipperKit/FlipperKitLayoutTextSearchable
    - YogaKit (~> 1.18)
  - FlipperKit/FlipperKitLayoutTextSearchable (0.125.0)
  - FlipperKit/FlipperKitNetworkPlugin (0.125.0):
    - FlipperKit/Core
  - FlipperKit/FlipperKitReactPlugin (0.125.0):
    - FlipperKit/Core
  - FlipperKit/FlipperKitUserDefaultsPlugin (0.125.0):
    - FlipperKit/Core
  - FlipperKit/SKIOSNetworkPlugin (0.125.0):
    - FlipperKit/Core
    - FlipperKit/FlipperKitNetworkPlugin
  - fmt (6.2.1)
  - glog (0.3.5)
  - libevent (2.1.12)
  - OpenSSL-Universal (1.1.1100)
  - RCT-Folly (2021.06.28.00-v2):
    - boost
    - DoubleConversion
    - fmt (~> 6.2.1)
    - glog
    - RCT-Folly/Default (= 2021.06.28.00-v2)
  - RCT-Folly/Default (2021.06.28.00-v2):
    - boost
    - DoubleConversion
    - fmt (~> 6.2.1)
    - glog
  - RCT-Folly/Fabric (2021.06.28.00-v2):
    - boost
    - DoubleConversion
    - fmt (~> 6.2.1)
    - glog
  - RCTRequired (0.0.0-20220126-2009-86fa2a510)
  - RCTTypeSafety (0.0.0-20220126-2009-86fa2a510):
    - FBLazyVector (= 0.0.0-20220126-2009-86fa2a510)
    - RCT-Folly (= 2021.06.28.00-v2)
    - RCTRequired (= 0.0.0-20220126-2009-86fa2a510)
    - React-Core (= 0.0.0-20220126-2009-86fa2a510)
  - React (0.0.0-20220126-2009-86fa2a510):
    - React-Core (= 0.0.0-20220126-2009-86fa2a510)
    - React-Core/DevSupport (= 0.0.0-20220126-2009-86fa2a510)
    - React-Core/RCTWebSocket (= 0.0.0-20220126-2009-86fa2a510)
    - React-RCTActionSheet (= 0.0.0-20220126-2009-86fa2a510)
    - React-RCTAnimation (= 0.0.0-20220126-2009-86fa2a510)
    - React-RCTBlob (= 0.0.0-20220126-2009-86fa2a510)
    - React-RCTImage (= 0.0.0-20220126-2009-86fa2a510)
    - React-RCTLinking (= 0.0.0-20220126-2009-86fa2a510)
    - React-RCTNetwork (= 0.0.0-20220126-2009-86fa2a510)
    - React-RCTSettings (= 0.0.0-20220126-2009-86fa2a510)
    - React-RCTText (= 0.0.0-20220126-2009-86fa2a510)
    - React-RCTVibration (= 0.0.0-20220126-2009-86fa2a510)
  - React-callinvoker (0.0.0-20220126-2009-86fa2a510)
  - React-Codegen (0.0.0-20220126-2009-86fa2a510):
    - FBReactNativeSpec (= 0.0.0-20220126-2009-86fa2a510)
    - RCT-Folly (= 2021.06.28.00-v2)
    - RCTRequired (= 0.0.0-20220126-2009-86fa2a510)
    - RCTTypeSafety (= 0.0.0-20220126-2009-86fa2a510)
    - React-Core (= 0.0.0-20220126-2009-86fa2a510)
    - React-graphics (= 0.0.0-20220126-2009-86fa2a510)
    - React-jsi (= 0.0.0-20220126-2009-86fa2a510)
    - React-jsiexecutor (= 0.0.0-20220126-2009-86fa2a510)
    - React-rncore (= 0.0.0-20220126-2009-86fa2a510)
    - ReactCommon/turbomodule/core (= 0.0.0-20220126-2009-86fa2a510)
  - React-Core (0.0.0-20220126-2009-86fa2a510):
    - glog
    - RCT-Folly (= 2021.06.28.00-v2)
    - React-Core/Default (= 0.0.0-20220126-2009-86fa2a510)
    - React-cxxreact (= 0.0.0-20220126-2009-86fa2a510)
    - React-jsi (= 0.0.0-20220126-2009-86fa2a510)
    - React-jsiexecutor (= 0.0.0-20220126-2009-86fa2a510)
    - React-perflogger (= 0.0.0-20220126-2009-86fa2a510)
    - Yoga
  - React-Core/CoreModulesHeaders (0.0.0-20220126-2009-86fa2a510):
    - glog
    - RCT-Folly (= 2021.06.28.00-v2)
    - React-Core/Default
    - React-cxxreact (= 0.0.0-20220126-2009-86fa2a510)
    - React-jsi (= 0.0.0-20220126-2009-86fa2a510)
    - React-jsiexecutor (= 0.0.0-20220126-2009-86fa2a510)
    - React-perflogger (= 0.0.0-20220126-2009-86fa2a510)
    - Yoga
  - React-Core/Default (0.0.0-20220126-2009-86fa2a510):
    - glog
    - RCT-Folly (= 2021.06.28.00-v2)
    - React-cxxreact (= 0.0.0-20220126-2009-86fa2a510)
    - React-jsi (= 0.0.0-20220126-2009-86fa2a510)
    - React-jsiexecutor (= 0.0.0-20220126-2009-86fa2a510)
    - React-perflogger (= 0.0.0-20220126-2009-86fa2a510)
    - Yoga
  - React-Core/DevSupport (0.0.0-20220126-2009-86fa2a510):
    - glog
    - RCT-Folly (= 2021.06.28.00-v2)
    - React-Core/Default (= 0.0.0-20220126-2009-86fa2a510)
    - React-Core/RCTWebSocket (= 0.0.0-20220126-2009-86fa2a510)
    - React-cxxreact (= 0.0.0-20220126-2009-86fa2a510)
    - React-jsi (= 0.0.0-20220126-2009-86fa2a510)
    - React-jsiexecutor (= 0.0.0-20220126-2009-86fa2a510)
    - React-jsinspector (= 0.0.0-20220126-2009-86fa2a510)
    - React-perflogger (= 0.0.0-20220126-2009-86fa2a510)
    - Yoga
  - React-Core/RCTActionSheetHeaders (0.0.0-20220126-2009-86fa2a510):
    - glog
    - RCT-Folly (= 2021.06.28.00-v2)
    - React-Core/Default
    - React-cxxreact (= 0.0.0-20220126-2009-86fa2a510)
    - React-jsi (= 0.0.0-20220126-2009-86fa2a510)
    - React-jsiexecutor (= 0.0.0-20220126-2009-86fa2a510)
    - React-perflogger (= 0.0.0-20220126-2009-86fa2a510)
    - Yoga
  - React-Core/RCTAnimationHeaders (0.0.0-20220126-2009-86fa2a510):
    - glog
    - RCT-Folly (= 2021.06.28.00-v2)
    - React-Core/Default
    - React-cxxreact (= 0.0.0-20220126-2009-86fa2a510)
    - React-jsi (= 0.0.0-20220126-2009-86fa2a510)
    - React-jsiexecutor (= 0.0.0-20220126-2009-86fa2a510)
    - React-perflogger (= 0.0.0-20220126-2009-86fa2a510)
    - Yoga
  - React-Core/RCTBlobHeaders (0.0.0-20220126-2009-86fa2a510):
    - glog
    - RCT-Folly (= 2021.06.28.00-v2)
    - React-Core/Default
    - React-cxxreact (= 0.0.0-20220126-2009-86fa2a510)
    - React-jsi (= 0.0.0-20220126-2009-86fa2a510)
    - React-jsiexecutor (= 0.0.0-20220126-2009-86fa2a510)
    - React-perflogger (= 0.0.0-20220126-2009-86fa2a510)
    - Yoga
  - React-Core/RCTImageHeaders (0.0.0-20220126-2009-86fa2a510):
    - glog
    - RCT-Folly (= 2021.06.28.00-v2)
    - React-Core/Default
    - React-cxxreact (= 0.0.0-20220126-2009-86fa2a510)
    - React-jsi (= 0.0.0-20220126-2009-86fa2a510)
    - React-jsiexecutor (= 0.0.0-20220126-2009-86fa2a510)
    - React-perflogger (= 0.0.0-20220126-2009-86fa2a510)
    - Yoga
  - React-Core/RCTLinkingHeaders (0.0.0-20220126-2009-86fa2a510):
    - glog
    - RCT-Folly (= 2021.06.28.00-v2)
    - React-Core/Default
    - React-cxxreact (= 0.0.0-20220126-2009-86fa2a510)
    - React-jsi (= 0.0.0-20220126-2009-86fa2a510)
    - React-jsiexecutor (= 0.0.0-20220126-2009-86fa2a510)
    - React-perflogger (= 0.0.0-20220126-2009-86fa2a510)
    - Yoga
  - React-Core/RCTNetworkHeaders (0.0.0-20220126-2009-86fa2a510):
    - glog
    - RCT-Folly (= 2021.06.28.00-v2)
    - React-Core/Default
    - React-cxxreact (= 0.0.0-20220126-2009-86fa2a510)
    - React-jsi (= 0.0.0-20220126-2009-86fa2a510)
    - React-jsiexecutor (= 0.0.0-20220126-2009-86fa2a510)
    - React-perflogger (= 0.0.0-20220126-2009-86fa2a510)
    - Yoga
  - React-Core/RCTSettingsHeaders (0.0.0-20220126-2009-86fa2a510):
    - glog
    - RCT-Folly (= 2021.06.28.00-v2)
    - React-Core/Default
    - React-cxxreact (= 0.0.0-20220126-2009-86fa2a510)
    - React-jsi (= 0.0.0-20220126-2009-86fa2a510)
    - React-jsiexecutor (= 0.0.0-20220126-2009-86fa2a510)
    - React-perflogger (= 0.0.0-20220126-2009-86fa2a510)
    - Yoga
  - React-Core/RCTTextHeaders (0.0.0-20220126-2009-86fa2a510):
    - glog
    - RCT-Folly (= 2021.06.28.00-v2)
    - React-Core/Default
    - React-cxxreact (= 0.0.0-20220126-2009-86fa2a510)
    - React-jsi (= 0.0.0-20220126-2009-86fa2a510)
    - React-jsiexecutor (= 0.0.0-20220126-2009-86fa2a510)
    - React-perflogger (= 0.0.0-20220126-2009-86fa2a510)
    - Yoga
  - React-Core/RCTVibrationHeaders (0.0.0-20220126-2009-86fa2a510):
    - glog
    - RCT-Folly (= 2021.06.28.00-v2)
    - React-Core/Default
    - React-cxxreact (= 0.0.0-20220126-2009-86fa2a510)
    - React-jsi (= 0.0.0-20220126-2009-86fa2a510)
    - React-jsiexecutor (= 0.0.0-20220126-2009-86fa2a510)
    - React-perflogger (= 0.0.0-20220126-2009-86fa2a510)
    - Yoga
  - React-Core/RCTWebSocket (0.0.0-20220126-2009-86fa2a510):
    - glog
    - RCT-Folly (= 2021.06.28.00-v2)
    - React-Core/Default (= 0.0.0-20220126-2009-86fa2a510)
    - React-cxxreact (= 0.0.0-20220126-2009-86fa2a510)
    - React-jsi (= 0.0.0-20220126-2009-86fa2a510)
    - React-jsiexecutor (= 0.0.0-20220126-2009-86fa2a510)
    - React-perflogger (= 0.0.0-20220126-2009-86fa2a510)
    - Yoga
  - React-CoreModules (0.0.0-20220126-2009-86fa2a510):
    - RCT-Folly (= 2021.06.28.00-v2)
    - RCTTypeSafety (= 0.0.0-20220126-2009-86fa2a510)
    - React-Codegen (= 0.0.0-20220126-2009-86fa2a510)
    - React-Core/CoreModulesHeaders (= 0.0.0-20220126-2009-86fa2a510)
    - React-jsi (= 0.0.0-20220126-2009-86fa2a510)
    - React-RCTImage (= 0.0.0-20220126-2009-86fa2a510)
    - ReactCommon/turbomodule/core (= 0.0.0-20220126-2009-86fa2a510)
  - React-cxxreact (0.0.0-20220126-2009-86fa2a510):
    - boost (= 1.76.0)
    - DoubleConversion
    - glog
    - RCT-Folly (= 2021.06.28.00-v2)
    - React-callinvoker (= 0.0.0-20220126-2009-86fa2a510)
    - React-jsi (= 0.0.0-20220126-2009-86fa2a510)
    - React-jsinspector (= 0.0.0-20220126-2009-86fa2a510)
    - React-logger (= 0.0.0-20220126-2009-86fa2a510)
    - React-perflogger (= 0.0.0-20220126-2009-86fa2a510)
    - React-runtimeexecutor (= 0.0.0-20220126-2009-86fa2a510)
  - React-Fabric (0.0.0-20220126-2009-86fa2a510):
    - RCT-Folly/Fabric (= 2021.06.28.00-v2)
    - RCTRequired (= 0.0.0-20220126-2009-86fa2a510)
    - RCTTypeSafety (= 0.0.0-20220126-2009-86fa2a510)
    - React-Fabric/animations (= 0.0.0-20220126-2009-86fa2a510)
    - React-Fabric/attributedstring (= 0.0.0-20220126-2009-86fa2a510)
    - React-Fabric/butter (= 0.0.0-20220126-2009-86fa2a510)
    - React-Fabric/componentregistry (= 0.0.0-20220126-2009-86fa2a510)
    - React-Fabric/componentregistrynative (= 0.0.0-20220126-2009-86fa2a510)
    - React-Fabric/components (= 0.0.0-20220126-2009-86fa2a510)
    - React-Fabric/config (= 0.0.0-20220126-2009-86fa2a510)
    - React-Fabric/core (= 0.0.0-20220126-2009-86fa2a510)
    - React-Fabric/debug_core (= 0.0.0-20220126-2009-86fa2a510)
    - React-Fabric/debug_renderer (= 0.0.0-20220126-2009-86fa2a510)
    - React-Fabric/imagemanager (= 0.0.0-20220126-2009-86fa2a510)
    - React-Fabric/leakchecker (= 0.0.0-20220126-2009-86fa2a510)
    - React-Fabric/mounting (= 0.0.0-20220126-2009-86fa2a510)
    - React-Fabric/runtimescheduler (= 0.0.0-20220126-2009-86fa2a510)
    - React-Fabric/scheduler (= 0.0.0-20220126-2009-86fa2a510)
    - React-Fabric/telemetry (= 0.0.0-20220126-2009-86fa2a510)
    - React-Fabric/templateprocessor (= 0.0.0-20220126-2009-86fa2a510)
    - React-Fabric/textlayoutmanager (= 0.0.0-20220126-2009-86fa2a510)
    - React-Fabric/uimanager (= 0.0.0-20220126-2009-86fa2a510)
    - React-Fabric/utils (= 0.0.0-20220126-2009-86fa2a510)
    - React-graphics (= 0.0.0-20220126-2009-86fa2a510)
    - React-jsi (= 0.0.0-20220126-2009-86fa2a510)
    - React-jsiexecutor (= 0.0.0-20220126-2009-86fa2a510)
    - ReactCommon/turbomodule/core (= 0.0.0-20220126-2009-86fa2a510)
  - React-Fabric/animations (0.0.0-20220126-2009-86fa2a510):
    - RCT-Folly/Fabric (= 2021.06.28.00-v2)
    - RCTRequired (= 0.0.0-20220126-2009-86fa2a510)
    - RCTTypeSafety (= 0.0.0-20220126-2009-86fa2a510)
    - React-graphics (= 0.0.0-20220126-2009-86fa2a510)
    - React-jsi (= 0.0.0-20220126-2009-86fa2a510)
    - React-jsiexecutor (= 0.0.0-20220126-2009-86fa2a510)
    - ReactCommon/turbomodule/core (= 0.0.0-20220126-2009-86fa2a510)
  - React-Fabric/attributedstring (0.0.0-20220126-2009-86fa2a510):
    - RCT-Folly/Fabric (= 2021.06.28.00-v2)
    - RCTRequired (= 0.0.0-20220126-2009-86fa2a510)
    - RCTTypeSafety (= 0.0.0-20220126-2009-86fa2a510)
    - React-graphics (= 0.0.0-20220126-2009-86fa2a510)
    - React-jsi (= 0.0.0-20220126-2009-86fa2a510)
    - React-jsiexecutor (= 0.0.0-20220126-2009-86fa2a510)
    - ReactCommon/turbomodule/core (= 0.0.0-20220126-2009-86fa2a510)
  - React-Fabric/butter (0.0.0-20220126-2009-86fa2a510):
    - RCT-Folly/Fabric (= 2021.06.28.00-v2)
    - RCTRequired (= 0.0.0-20220126-2009-86fa2a510)
    - RCTTypeSafety (= 0.0.0-20220126-2009-86fa2a510)
    - React-graphics (= 0.0.0-20220126-2009-86fa2a510)
    - React-jsi (= 0.0.0-20220126-2009-86fa2a510)
    - React-jsiexecutor (= 0.0.0-20220126-2009-86fa2a510)
    - ReactCommon/turbomodule/core (= 0.0.0-20220126-2009-86fa2a510)
  - React-Fabric/componentregistry (0.0.0-20220126-2009-86fa2a510):
    - RCT-Folly/Fabric (= 2021.06.28.00-v2)
    - RCTRequired (= 0.0.0-20220126-2009-86fa2a510)
    - RCTTypeSafety (= 0.0.0-20220126-2009-86fa2a510)
    - React-graphics (= 0.0.0-20220126-2009-86fa2a510)
    - React-jsi (= 0.0.0-20220126-2009-86fa2a510)
    - React-jsiexecutor (= 0.0.0-20220126-2009-86fa2a510)
    - ReactCommon/turbomodule/core (= 0.0.0-20220126-2009-86fa2a510)
  - React-Fabric/componentregistrynative (0.0.0-20220126-2009-86fa2a510):
    - RCT-Folly/Fabric (= 2021.06.28.00-v2)
    - RCTRequired (= 0.0.0-20220126-2009-86fa2a510)
    - RCTTypeSafety (= 0.0.0-20220126-2009-86fa2a510)
    - React-graphics (= 0.0.0-20220126-2009-86fa2a510)
    - React-jsi (= 0.0.0-20220126-2009-86fa2a510)
    - React-jsiexecutor (= 0.0.0-20220126-2009-86fa2a510)
    - ReactCommon/turbomodule/core (= 0.0.0-20220126-2009-86fa2a510)
  - React-Fabric/components (0.0.0-20220126-2009-86fa2a510):
    - RCT-Folly/Fabric (= 2021.06.28.00-v2)
    - RCTRequired (= 0.0.0-20220126-2009-86fa2a510)
    - RCTTypeSafety (= 0.0.0-20220126-2009-86fa2a510)
    - React-Fabric/components/activityindicator (= 0.0.0-20220126-2009-86fa2a510)
    - React-Fabric/components/image (= 0.0.0-20220126-2009-86fa2a510)
    - React-Fabric/components/inputaccessory (= 0.0.0-20220126-2009-86fa2a510)
    - React-Fabric/components/legacyviewmanagerinterop (= 0.0.0-20220126-2009-86fa2a510)
    - React-Fabric/components/modal (= 0.0.0-20220126-2009-86fa2a510)
    - React-Fabric/components/root (= 0.0.0-20220126-2009-86fa2a510)
    - React-Fabric/components/safeareaview (= 0.0.0-20220126-2009-86fa2a510)
    - React-Fabric/components/scrollview (= 0.0.0-20220126-2009-86fa2a510)
    - React-Fabric/components/slider (= 0.0.0-20220126-2009-86fa2a510)
    - React-Fabric/components/text (= 0.0.0-20220126-2009-86fa2a510)
    - React-Fabric/components/textinput (= 0.0.0-20220126-2009-86fa2a510)
    - React-Fabric/components/unimplementedview (= 0.0.0-20220126-2009-86fa2a510)
    - React-Fabric/components/view (= 0.0.0-20220126-2009-86fa2a510)
    - React-graphics (= 0.0.0-20220126-2009-86fa2a510)
    - React-jsi (= 0.0.0-20220126-2009-86fa2a510)
    - React-jsiexecutor (= 0.0.0-20220126-2009-86fa2a510)
    - ReactCommon/turbomodule/core (= 0.0.0-20220126-2009-86fa2a510)
  - React-Fabric/components/activityindicator (0.0.0-20220126-2009-86fa2a510):
    - RCT-Folly/Fabric (= 2021.06.28.00-v2)
    - RCTRequired (= 0.0.0-20220126-2009-86fa2a510)
    - RCTTypeSafety (= 0.0.0-20220126-2009-86fa2a510)
    - React-graphics (= 0.0.0-20220126-2009-86fa2a510)
    - React-jsi (= 0.0.0-20220126-2009-86fa2a510)
    - React-jsiexecutor (= 0.0.0-20220126-2009-86fa2a510)
    - ReactCommon/turbomodule/core (= 0.0.0-20220126-2009-86fa2a510)
  - React-Fabric/components/image (0.0.0-20220126-2009-86fa2a510):
    - RCT-Folly/Fabric (= 2021.06.28.00-v2)
    - RCTRequired (= 0.0.0-20220126-2009-86fa2a510)
    - RCTTypeSafety (= 0.0.0-20220126-2009-86fa2a510)
    - React-graphics (= 0.0.0-20220126-2009-86fa2a510)
    - React-jsi (= 0.0.0-20220126-2009-86fa2a510)
    - React-jsiexecutor (= 0.0.0-20220126-2009-86fa2a510)
    - ReactCommon/turbomodule/core (= 0.0.0-20220126-2009-86fa2a510)
  - React-Fabric/components/inputaccessory (0.0.0-20220126-2009-86fa2a510):
    - RCT-Folly/Fabric (= 2021.06.28.00-v2)
    - RCTRequired (= 0.0.0-20220126-2009-86fa2a510)
    - RCTTypeSafety (= 0.0.0-20220126-2009-86fa2a510)
    - React-graphics (= 0.0.0-20220126-2009-86fa2a510)
    - React-jsi (= 0.0.0-20220126-2009-86fa2a510)
    - React-jsiexecutor (= 0.0.0-20220126-2009-86fa2a510)
    - ReactCommon/turbomodule/core (= 0.0.0-20220126-2009-86fa2a510)
  - React-Fabric/components/legacyviewmanagerinterop (0.0.0-20220126-2009-86fa2a510):
    - RCT-Folly/Fabric (= 2021.06.28.00-v2)
    - RCTRequired (= 0.0.0-20220126-2009-86fa2a510)
    - RCTTypeSafety (= 0.0.0-20220126-2009-86fa2a510)
    - React-graphics (= 0.0.0-20220126-2009-86fa2a510)
    - React-jsi (= 0.0.0-20220126-2009-86fa2a510)
    - React-jsiexecutor (= 0.0.0-20220126-2009-86fa2a510)
    - ReactCommon/turbomodule/core (= 0.0.0-20220126-2009-86fa2a510)
  - React-Fabric/components/modal (0.0.0-20220126-2009-86fa2a510):
    - RCT-Folly/Fabric (= 2021.06.28.00-v2)
    - RCTRequired (= 0.0.0-20220126-2009-86fa2a510)
    - RCTTypeSafety (= 0.0.0-20220126-2009-86fa2a510)
    - React-graphics (= 0.0.0-20220126-2009-86fa2a510)
    - React-jsi (= 0.0.0-20220126-2009-86fa2a510)
    - React-jsiexecutor (= 0.0.0-20220126-2009-86fa2a510)
    - ReactCommon/turbomodule/core (= 0.0.0-20220126-2009-86fa2a510)
  - React-Fabric/components/root (0.0.0-20220126-2009-86fa2a510):
    - RCT-Folly/Fabric (= 2021.06.28.00-v2)
    - RCTRequired (= 0.0.0-20220126-2009-86fa2a510)
    - RCTTypeSafety (= 0.0.0-20220126-2009-86fa2a510)
    - React-graphics (= 0.0.0-20220126-2009-86fa2a510)
    - React-jsi (= 0.0.0-20220126-2009-86fa2a510)
    - React-jsiexecutor (= 0.0.0-20220126-2009-86fa2a510)
    - ReactCommon/turbomodule/core (= 0.0.0-20220126-2009-86fa2a510)
  - React-Fabric/components/safeareaview (0.0.0-20220126-2009-86fa2a510):
    - RCT-Folly/Fabric (= 2021.06.28.00-v2)
    - RCTRequired (= 0.0.0-20220126-2009-86fa2a510)
    - RCTTypeSafety (= 0.0.0-20220126-2009-86fa2a510)
    - React-graphics (= 0.0.0-20220126-2009-86fa2a510)
    - React-jsi (= 0.0.0-20220126-2009-86fa2a510)
    - React-jsiexecutor (= 0.0.0-20220126-2009-86fa2a510)
    - ReactCommon/turbomodule/core (= 0.0.0-20220126-2009-86fa2a510)
  - React-Fabric/components/scrollview (0.0.0-20220126-2009-86fa2a510):
    - RCT-Folly/Fabric (= 2021.06.28.00-v2)
    - RCTRequired (= 0.0.0-20220126-2009-86fa2a510)
    - RCTTypeSafety (= 0.0.0-20220126-2009-86fa2a510)
    - React-graphics (= 0.0.0-20220126-2009-86fa2a510)
    - React-jsi (= 0.0.0-20220126-2009-86fa2a510)
    - React-jsiexecutor (= 0.0.0-20220126-2009-86fa2a510)
    - ReactCommon/turbomodule/core (= 0.0.0-20220126-2009-86fa2a510)
  - React-Fabric/components/slider (0.0.0-20220126-2009-86fa2a510):
    - RCT-Folly/Fabric (= 2021.06.28.00-v2)
    - RCTRequired (= 0.0.0-20220126-2009-86fa2a510)
    - RCTTypeSafety (= 0.0.0-20220126-2009-86fa2a510)
    - React-graphics (= 0.0.0-20220126-2009-86fa2a510)
    - React-jsi (= 0.0.0-20220126-2009-86fa2a510)
    - React-jsiexecutor (= 0.0.0-20220126-2009-86fa2a510)
    - ReactCommon/turbomodule/core (= 0.0.0-20220126-2009-86fa2a510)
  - React-Fabric/components/text (0.0.0-20220126-2009-86fa2a510):
    - RCT-Folly/Fabric (= 2021.06.28.00-v2)
    - RCTRequired (= 0.0.0-20220126-2009-86fa2a510)
    - RCTTypeSafety (= 0.0.0-20220126-2009-86fa2a510)
    - React-graphics (= 0.0.0-20220126-2009-86fa2a510)
    - React-jsi (= 0.0.0-20220126-2009-86fa2a510)
    - React-jsiexecutor (= 0.0.0-20220126-2009-86fa2a510)
    - ReactCommon/turbomodule/core (= 0.0.0-20220126-2009-86fa2a510)
  - React-Fabric/components/textinput (0.0.0-20220126-2009-86fa2a510):
    - RCT-Folly/Fabric (= 2021.06.28.00-v2)
    - RCTRequired (= 0.0.0-20220126-2009-86fa2a510)
    - RCTTypeSafety (= 0.0.0-20220126-2009-86fa2a510)
    - React-graphics (= 0.0.0-20220126-2009-86fa2a510)
    - React-jsi (= 0.0.0-20220126-2009-86fa2a510)
    - React-jsiexecutor (= 0.0.0-20220126-2009-86fa2a510)
    - ReactCommon/turbomodule/core (= 0.0.0-20220126-2009-86fa2a510)
  - React-Fabric/components/unimplementedview (0.0.0-20220126-2009-86fa2a510):
    - RCT-Folly/Fabric (= 2021.06.28.00-v2)
    - RCTRequired (= 0.0.0-20220126-2009-86fa2a510)
    - RCTTypeSafety (= 0.0.0-20220126-2009-86fa2a510)
    - React-graphics (= 0.0.0-20220126-2009-86fa2a510)
    - React-jsi (= 0.0.0-20220126-2009-86fa2a510)
    - React-jsiexecutor (= 0.0.0-20220126-2009-86fa2a510)
    - ReactCommon/turbomodule/core (= 0.0.0-20220126-2009-86fa2a510)
  - React-Fabric/components/view (0.0.0-20220126-2009-86fa2a510):
    - RCT-Folly/Fabric (= 2021.06.28.00-v2)
    - RCTRequired (= 0.0.0-20220126-2009-86fa2a510)
    - RCTTypeSafety (= 0.0.0-20220126-2009-86fa2a510)
    - React-graphics (= 0.0.0-20220126-2009-86fa2a510)
    - React-jsi (= 0.0.0-20220126-2009-86fa2a510)
    - React-jsiexecutor (= 0.0.0-20220126-2009-86fa2a510)
    - ReactCommon/turbomodule/core (= 0.0.0-20220126-2009-86fa2a510)
    - Yoga
  - React-Fabric/config (0.0.0-20220126-2009-86fa2a510):
    - RCT-Folly/Fabric (= 2021.06.28.00-v2)
    - RCTRequired (= 0.0.0-20220126-2009-86fa2a510)
    - RCTTypeSafety (= 0.0.0-20220126-2009-86fa2a510)
    - React-graphics (= 0.0.0-20220126-2009-86fa2a510)
    - React-jsi (= 0.0.0-20220126-2009-86fa2a510)
    - React-jsiexecutor (= 0.0.0-20220126-2009-86fa2a510)
    - ReactCommon/turbomodule/core (= 0.0.0-20220126-2009-86fa2a510)
  - React-Fabric/core (0.0.0-20220126-2009-86fa2a510):
    - RCT-Folly/Fabric (= 2021.06.28.00-v2)
    - RCTRequired (= 0.0.0-20220126-2009-86fa2a510)
    - RCTTypeSafety (= 0.0.0-20220126-2009-86fa2a510)
    - React-graphics (= 0.0.0-20220126-2009-86fa2a510)
    - React-jsi (= 0.0.0-20220126-2009-86fa2a510)
    - React-jsiexecutor (= 0.0.0-20220126-2009-86fa2a510)
    - ReactCommon/turbomodule/core (= 0.0.0-20220126-2009-86fa2a510)
  - React-Fabric/debug_core (0.0.0-20220126-2009-86fa2a510):
    - RCT-Folly/Fabric (= 2021.06.28.00-v2)
    - RCTRequired (= 0.0.0-20220126-2009-86fa2a510)
    - RCTTypeSafety (= 0.0.0-20220126-2009-86fa2a510)
    - React-graphics (= 0.0.0-20220126-2009-86fa2a510)
    - React-jsi (= 0.0.0-20220126-2009-86fa2a510)
    - React-jsiexecutor (= 0.0.0-20220126-2009-86fa2a510)
    - ReactCommon/turbomodule/core (= 0.0.0-20220126-2009-86fa2a510)
  - React-Fabric/debug_renderer (0.0.0-20220126-2009-86fa2a510):
    - RCT-Folly/Fabric (= 2021.06.28.00-v2)
    - RCTRequired (= 0.0.0-20220126-2009-86fa2a510)
    - RCTTypeSafety (= 0.0.0-20220126-2009-86fa2a510)
    - React-graphics (= 0.0.0-20220126-2009-86fa2a510)
    - React-jsi (= 0.0.0-20220126-2009-86fa2a510)
    - React-jsiexecutor (= 0.0.0-20220126-2009-86fa2a510)
    - ReactCommon/turbomodule/core (= 0.0.0-20220126-2009-86fa2a510)
  - React-Fabric/imagemanager (0.0.0-20220126-2009-86fa2a510):
    - RCT-Folly/Fabric (= 2021.06.28.00-v2)
    - RCTRequired (= 0.0.0-20220126-2009-86fa2a510)
    - RCTTypeSafety (= 0.0.0-20220126-2009-86fa2a510)
    - React-graphics (= 0.0.0-20220126-2009-86fa2a510)
    - React-jsi (= 0.0.0-20220126-2009-86fa2a510)
    - React-jsiexecutor (= 0.0.0-20220126-2009-86fa2a510)
    - React-RCTImage (= 0.0.0-20220126-2009-86fa2a510)
    - ReactCommon/turbomodule/core (= 0.0.0-20220126-2009-86fa2a510)
  - React-Fabric/leakchecker (0.0.0-20220126-2009-86fa2a510):
    - RCT-Folly/Fabric (= 2021.06.28.00-v2)
    - RCTRequired (= 0.0.0-20220126-2009-86fa2a510)
    - RCTTypeSafety (= 0.0.0-20220126-2009-86fa2a510)
    - React-graphics (= 0.0.0-20220126-2009-86fa2a510)
    - React-jsi (= 0.0.0-20220126-2009-86fa2a510)
    - React-jsiexecutor (= 0.0.0-20220126-2009-86fa2a510)
    - ReactCommon/turbomodule/core (= 0.0.0-20220126-2009-86fa2a510)
  - React-Fabric/mounting (0.0.0-20220126-2009-86fa2a510):
    - RCT-Folly/Fabric (= 2021.06.28.00-v2)
    - RCTRequired (= 0.0.0-20220126-2009-86fa2a510)
    - RCTTypeSafety (= 0.0.0-20220126-2009-86fa2a510)
    - React-graphics (= 0.0.0-20220126-2009-86fa2a510)
    - React-jsi (= 0.0.0-20220126-2009-86fa2a510)
    - React-jsiexecutor (= 0.0.0-20220126-2009-86fa2a510)
    - ReactCommon/turbomodule/core (= 0.0.0-20220126-2009-86fa2a510)
  - React-Fabric/runtimescheduler (0.0.0-20220126-2009-86fa2a510):
    - RCT-Folly/Fabric (= 2021.06.28.00-v2)
    - RCTRequired (= 0.0.0-20220126-2009-86fa2a510)
    - RCTTypeSafety (= 0.0.0-20220126-2009-86fa2a510)
    - React-graphics (= 0.0.0-20220126-2009-86fa2a510)
    - React-jsi (= 0.0.0-20220126-2009-86fa2a510)
    - React-jsiexecutor (= 0.0.0-20220126-2009-86fa2a510)
    - ReactCommon/turbomodule/core (= 0.0.0-20220126-2009-86fa2a510)
  - React-Fabric/scheduler (0.0.0-20220126-2009-86fa2a510):
    - RCT-Folly/Fabric (= 2021.06.28.00-v2)
    - RCTRequired (= 0.0.0-20220126-2009-86fa2a510)
    - RCTTypeSafety (= 0.0.0-20220126-2009-86fa2a510)
    - React-graphics (= 0.0.0-20220126-2009-86fa2a510)
    - React-jsi (= 0.0.0-20220126-2009-86fa2a510)
    - React-jsiexecutor (= 0.0.0-20220126-2009-86fa2a510)
    - ReactCommon/turbomodule/core (= 0.0.0-20220126-2009-86fa2a510)
  - React-Fabric/telemetry (0.0.0-20220126-2009-86fa2a510):
    - RCT-Folly/Fabric (= 2021.06.28.00-v2)
    - RCTRequired (= 0.0.0-20220126-2009-86fa2a510)
    - RCTTypeSafety (= 0.0.0-20220126-2009-86fa2a510)
    - React-graphics (= 0.0.0-20220126-2009-86fa2a510)
    - React-jsi (= 0.0.0-20220126-2009-86fa2a510)
    - React-jsiexecutor (= 0.0.0-20220126-2009-86fa2a510)
    - ReactCommon/turbomodule/core (= 0.0.0-20220126-2009-86fa2a510)
  - React-Fabric/templateprocessor (0.0.0-20220126-2009-86fa2a510):
    - RCT-Folly/Fabric (= 2021.06.28.00-v2)
    - RCTRequired (= 0.0.0-20220126-2009-86fa2a510)
    - RCTTypeSafety (= 0.0.0-20220126-2009-86fa2a510)
    - React-graphics (= 0.0.0-20220126-2009-86fa2a510)
    - React-jsi (= 0.0.0-20220126-2009-86fa2a510)
    - React-jsiexecutor (= 0.0.0-20220126-2009-86fa2a510)
    - ReactCommon/turbomodule/core (= 0.0.0-20220126-2009-86fa2a510)
  - React-Fabric/textlayoutmanager (0.0.0-20220126-2009-86fa2a510):
    - RCT-Folly/Fabric (= 2021.06.28.00-v2)
    - RCTRequired (= 0.0.0-20220126-2009-86fa2a510)
    - RCTTypeSafety (= 0.0.0-20220126-2009-86fa2a510)
    - React-Fabric/uimanager
    - React-graphics (= 0.0.0-20220126-2009-86fa2a510)
    - React-jsi (= 0.0.0-20220126-2009-86fa2a510)
    - React-jsiexecutor (= 0.0.0-20220126-2009-86fa2a510)
    - ReactCommon/turbomodule/core (= 0.0.0-20220126-2009-86fa2a510)
  - React-Fabric/uimanager (0.0.0-20220126-2009-86fa2a510):
    - RCT-Folly/Fabric (= 2021.06.28.00-v2)
    - RCTRequired (= 0.0.0-20220126-2009-86fa2a510)
    - RCTTypeSafety (= 0.0.0-20220126-2009-86fa2a510)
    - React-graphics (= 0.0.0-20220126-2009-86fa2a510)
    - React-jsi (= 0.0.0-20220126-2009-86fa2a510)
    - React-jsiexecutor (= 0.0.0-20220126-2009-86fa2a510)
    - ReactCommon/turbomodule/core (= 0.0.0-20220126-2009-86fa2a510)
  - React-Fabric/utils (0.0.0-20220126-2009-86fa2a510):
    - RCT-Folly/Fabric (= 2021.06.28.00-v2)
    - RCTRequired (= 0.0.0-20220126-2009-86fa2a510)
    - RCTTypeSafety (= 0.0.0-20220126-2009-86fa2a510)
    - React-graphics (= 0.0.0-20220126-2009-86fa2a510)
    - React-jsi (= 0.0.0-20220126-2009-86fa2a510)
    - React-jsiexecutor (= 0.0.0-20220126-2009-86fa2a510)
    - ReactCommon/turbomodule/core (= 0.0.0-20220126-2009-86fa2a510)
  - React-graphics (0.0.0-20220126-2009-86fa2a510):
    - RCT-Folly/Fabric (= 2021.06.28.00-v2)
    - React-Core/Default (= 0.0.0-20220126-2009-86fa2a510)
  - React-jsi (0.0.0-20220126-2009-86fa2a510):
    - boost (= 1.76.0)
    - DoubleConversion
    - glog
    - RCT-Folly (= 2021.06.28.00-v2)
    - React-jsi/Default (= 0.0.0-20220126-2009-86fa2a510)
  - React-jsi/Default (0.0.0-20220126-2009-86fa2a510):
    - boost (= 1.76.0)
    - DoubleConversion
    - glog
    - RCT-Folly (= 2021.06.28.00-v2)
  - React-jsi/Fabric (0.0.0-20220126-2009-86fa2a510):
    - boost (= 1.76.0)
    - DoubleConversion
    - glog
    - RCT-Folly (= 2021.06.28.00-v2)
  - React-jsiexecutor (0.0.0-20220126-2009-86fa2a510):
    - DoubleConversion
    - glog
    - RCT-Folly (= 2021.06.28.00-v2)
    - React-cxxreact (= 0.0.0-20220126-2009-86fa2a510)
    - React-jsi (= 0.0.0-20220126-2009-86fa2a510)
    - React-perflogger (= 0.0.0-20220126-2009-86fa2a510)
  - React-jsinspector (0.0.0-20220126-2009-86fa2a510)
  - React-logger (0.0.0-20220126-2009-86fa2a510):
    - glog
  - react-native-safe-area-context (3.3.2):
    - React-Core
  - React-perflogger (0.0.0-20220126-2009-86fa2a510)
  - React-RCTActionSheet (0.0.0-20220126-2009-86fa2a510):
    - React-Core/RCTActionSheetHeaders (= 0.0.0-20220126-2009-86fa2a510)
  - React-RCTAnimation (0.0.0-20220126-2009-86fa2a510):
    - RCT-Folly (= 2021.06.28.00-v2)
    - RCTTypeSafety (= 0.0.0-20220126-2009-86fa2a510)
    - React-Codegen (= 0.0.0-20220126-2009-86fa2a510)
    - React-Core/RCTAnimationHeaders (= 0.0.0-20220126-2009-86fa2a510)
    - React-jsi (= 0.0.0-20220126-2009-86fa2a510)
    - ReactCommon/turbomodule/core (= 0.0.0-20220126-2009-86fa2a510)
  - React-RCTBlob (0.0.0-20220126-2009-86fa2a510):
    - RCT-Folly (= 2021.06.28.00-v2)
    - React-Codegen (= 0.0.0-20220126-2009-86fa2a510)
    - React-Core/RCTBlobHeaders (= 0.0.0-20220126-2009-86fa2a510)
    - React-Core/RCTWebSocket (= 0.0.0-20220126-2009-86fa2a510)
    - React-jsi (= 0.0.0-20220126-2009-86fa2a510)
    - React-RCTNetwork (= 0.0.0-20220126-2009-86fa2a510)
    - ReactCommon/turbomodule/core (= 0.0.0-20220126-2009-86fa2a510)
  - React-RCTFabric (0.0.0-20220126-2009-86fa2a510):
    - RCT-Folly/Fabric (= 2021.06.28.00-v2)
    - React-Core (= 0.0.0-20220126-2009-86fa2a510)
    - React-Fabric (= 0.0.0-20220126-2009-86fa2a510)
    - React-RCTImage (= 0.0.0-20220126-2009-86fa2a510)
  - React-RCTImage (0.0.0-20220126-2009-86fa2a510):
    - RCT-Folly (= 2021.06.28.00-v2)
    - RCTTypeSafety (= 0.0.0-20220126-2009-86fa2a510)
    - React-Codegen (= 0.0.0-20220126-2009-86fa2a510)
    - React-Core/RCTImageHeaders (= 0.0.0-20220126-2009-86fa2a510)
    - React-jsi (= 0.0.0-20220126-2009-86fa2a510)
    - React-RCTNetwork (= 0.0.0-20220126-2009-86fa2a510)
    - ReactCommon/turbomodule/core (= 0.0.0-20220126-2009-86fa2a510)
  - React-RCTLinking (0.0.0-20220126-2009-86fa2a510):
    - React-Codegen (= 0.0.0-20220126-2009-86fa2a510)
    - React-Core/RCTLinkingHeaders (= 0.0.0-20220126-2009-86fa2a510)
    - React-jsi (= 0.0.0-20220126-2009-86fa2a510)
    - ReactCommon/turbomodule/core (= 0.0.0-20220126-2009-86fa2a510)
  - React-RCTNetwork (0.0.0-20220126-2009-86fa2a510):
    - RCT-Folly (= 2021.06.28.00-v2)
    - RCTTypeSafety (= 0.0.0-20220126-2009-86fa2a510)
    - React-Codegen (= 0.0.0-20220126-2009-86fa2a510)
    - React-Core/RCTNetworkHeaders (= 0.0.0-20220126-2009-86fa2a510)
    - React-jsi (= 0.0.0-20220126-2009-86fa2a510)
    - ReactCommon/turbomodule/core (= 0.0.0-20220126-2009-86fa2a510)
  - React-RCTSettings (0.0.0-20220126-2009-86fa2a510):
    - RCT-Folly (= 2021.06.28.00-v2)
    - RCTTypeSafety (= 0.0.0-20220126-2009-86fa2a510)
    - React-Codegen (= 0.0.0-20220126-2009-86fa2a510)
    - React-Core/RCTSettingsHeaders (= 0.0.0-20220126-2009-86fa2a510)
    - React-jsi (= 0.0.0-20220126-2009-86fa2a510)
    - ReactCommon/turbomodule/core (= 0.0.0-20220126-2009-86fa2a510)
  - React-RCTText (0.0.0-20220126-2009-86fa2a510):
    - React-Core/RCTTextHeaders (= 0.0.0-20220126-2009-86fa2a510)
  - React-RCTVibration (0.0.0-20220126-2009-86fa2a510):
    - RCT-Folly (= 2021.06.28.00-v2)
    - React-Codegen (= 0.0.0-20220126-2009-86fa2a510)
    - React-Core/RCTVibrationHeaders (= 0.0.0-20220126-2009-86fa2a510)
    - React-jsi (= 0.0.0-20220126-2009-86fa2a510)
    - ReactCommon/turbomodule/core (= 0.0.0-20220126-2009-86fa2a510)
  - React-rncore (0.0.0-20220126-2009-86fa2a510)
  - React-runtimeexecutor (0.0.0-20220126-2009-86fa2a510):
    - React-jsi (= 0.0.0-20220126-2009-86fa2a510)
  - ReactCommon/turbomodule/core (0.0.0-20220126-2009-86fa2a510):
    - DoubleConversion
    - glog
    - RCT-Folly (= 2021.06.28.00-v2)
    - React-callinvoker (= 0.0.0-20220126-2009-86fa2a510)
    - React-Core (= 0.0.0-20220126-2009-86fa2a510)
    - React-cxxreact (= 0.0.0-20220126-2009-86fa2a510)
    - React-jsi (= 0.0.0-20220126-2009-86fa2a510)
    - React-logger (= 0.0.0-20220126-2009-86fa2a510)
    - React-perflogger (= 0.0.0-20220126-2009-86fa2a510)
  - RNScreens (3.10.1):
    - RCT-Folly (= 2021.06.28.00-v2)
    - RCTRequired
    - RCTTypeSafety
    - React
    - React-Codegen
    - React-RCTFabric
    - ReactCommon/turbomodule/core
    - RNScreens/common (= 3.10.1)
  - RNScreens/common (3.10.1):
    - RCT-Folly (= 2021.06.28.00-v2)
    - RCTRequired
    - RCTTypeSafety
    - React
    - React-Codegen
    - React-RCTFabric
    - ReactCommon/turbomodule/core
  - SocketRocket (0.6.0)
  - Yoga (1.14.0)
  - YogaKit (1.18.1):
    - Yoga (~> 1.14)

DEPENDENCIES:
  - boost (from `../node_modules/react-native/third-party-podspecs/boost.podspec`)
  - DoubleConversion (from `../node_modules/react-native/third-party-podspecs/DoubleConversion.podspec`)
  - FBLazyVector (from `../node_modules/react-native/Libraries/FBLazyVector`)
  - FBReactNativeSpec (from `../node_modules/react-native/React/FBReactNativeSpec`)
  - Flipper (= 0.125.0)
  - Flipper-Boost-iOSX (= 1.76.0.1.11)
  - Flipper-DoubleConversion (= 3.1.7)
  - Flipper-Fmt (= 7.1.7)
  - Flipper-Folly (= 2.6.10)
  - Flipper-Glog (= 0.3.9)
  - Flipper-PeerTalk (= 0.0.4)
  - Flipper-RSocket (= 1.4.3)
  - FlipperKit (= 0.125.0)
  - FlipperKit/Core (= 0.125.0)
  - FlipperKit/CppBridge (= 0.125.0)
  - FlipperKit/FBCxxFollyDynamicConvert (= 0.125.0)
  - FlipperKit/FBDefines (= 0.125.0)
  - FlipperKit/FKPortForwarding (= 0.125.0)
  - FlipperKit/FlipperKitHighlightOverlay (= 0.125.0)
  - FlipperKit/FlipperKitLayoutPlugin (= 0.125.0)
  - FlipperKit/FlipperKitLayoutTextSearchable (= 0.125.0)
  - FlipperKit/FlipperKitNetworkPlugin (= 0.125.0)
  - FlipperKit/FlipperKitReactPlugin (= 0.125.0)
  - FlipperKit/FlipperKitUserDefaultsPlugin (= 0.125.0)
  - FlipperKit/SKIOSNetworkPlugin (= 0.125.0)
  - glog (from `../node_modules/react-native/third-party-podspecs/glog.podspec`)
  - OpenSSL-Universal (= 1.1.1100)
  - RCT-Folly (from `../node_modules/react-native/third-party-podspecs/RCT-Folly.podspec`)
  - RCT-Folly/Fabric (from `../node_modules/react-native/third-party-podspecs/RCT-Folly.podspec`)
  - RCTRequired (from `../node_modules/react-native/Libraries/RCTRequired`)
  - RCTTypeSafety (from `../node_modules/react-native/Libraries/TypeSafety`)
  - React (from `../node_modules/react-native/`)
  - React-callinvoker (from `../node_modules/react-native/ReactCommon/callinvoker`)
  - React-Codegen (from `build/generated/ios`)
  - React-Core (from `../node_modules/react-native/`)
  - React-Core/DevSupport (from `../node_modules/react-native/`)
  - React-Core/RCTWebSocket (from `../node_modules/react-native/`)
  - React-CoreModules (from `../node_modules/react-native/React/CoreModules`)
  - React-cxxreact (from `../node_modules/react-native/ReactCommon/cxxreact`)
  - React-Fabric (from `../node_modules/react-native/ReactCommon`)
  - React-graphics (from `../node_modules/react-native/ReactCommon/react/renderer/graphics`)
  - React-jsi (from `../node_modules/react-native/ReactCommon/jsi`)
  - React-jsi/Fabric (from `../node_modules/react-native/ReactCommon/jsi`)
  - React-jsiexecutor (from `../node_modules/react-native/ReactCommon/jsiexecutor`)
  - React-jsinspector (from `../node_modules/react-native/ReactCommon/jsinspector`)
  - React-logger (from `../node_modules/react-native/ReactCommon/logger`)
  - react-native-safe-area-context (from `../node_modules/react-native-safe-area-context`)
  - React-perflogger (from `../node_modules/react-native/ReactCommon/reactperflogger`)
  - React-RCTActionSheet (from `../node_modules/react-native/Libraries/ActionSheetIOS`)
  - React-RCTAnimation (from `../node_modules/react-native/Libraries/NativeAnimation`)
  - React-RCTBlob (from `../node_modules/react-native/Libraries/Blob`)
  - React-RCTFabric (from `../node_modules/react-native/React`)
  - React-RCTImage (from `../node_modules/react-native/Libraries/Image`)
  - React-RCTLinking (from `../node_modules/react-native/Libraries/LinkingIOS`)
  - React-RCTNetwork (from `../node_modules/react-native/Libraries/Network`)
  - React-RCTSettings (from `../node_modules/react-native/Libraries/Settings`)
  - React-RCTText (from `../node_modules/react-native/Libraries/Text`)
  - React-RCTVibration (from `../node_modules/react-native/Libraries/Vibration`)
  - React-rncore (from `../node_modules/react-native/ReactCommon`)
  - React-runtimeexecutor (from `../node_modules/react-native/ReactCommon/runtimeexecutor`)
  - ReactCommon/turbomodule/core (from `../node_modules/react-native/ReactCommon`)
  - RNScreens (from `../..`)
  - Yoga (from `../node_modules/react-native/ReactCommon/yoga`)

SPEC REPOS:
  trunk:
    - CocoaAsyncSocket
    - Flipper
    - Flipper-Boost-iOSX
    - Flipper-DoubleConversion
    - Flipper-Fmt
    - Flipper-Folly
    - Flipper-Glog
    - Flipper-PeerTalk
    - Flipper-RSocket
    - FlipperKit
    - fmt
    - libevent
    - OpenSSL-Universal
    - SocketRocket
    - YogaKit

EXTERNAL SOURCES:
  boost:
    :podspec: "../node_modules/react-native/third-party-podspecs/boost.podspec"
  DoubleConversion:
    :podspec: "../node_modules/react-native/third-party-podspecs/DoubleConversion.podspec"
  FBLazyVector:
    :path: "../node_modules/react-native/Libraries/FBLazyVector"
  FBReactNativeSpec:
    :path: "../node_modules/react-native/React/FBReactNativeSpec"
  glog:
    :podspec: "../node_modules/react-native/third-party-podspecs/glog.podspec"
  RCT-Folly:
    :podspec: "../node_modules/react-native/third-party-podspecs/RCT-Folly.podspec"
  RCTRequired:
    :path: "../node_modules/react-native/Libraries/RCTRequired"
  RCTTypeSafety:
    :path: "../node_modules/react-native/Libraries/TypeSafety"
  React:
    :path: "../node_modules/react-native/"
  React-callinvoker:
    :path: "../node_modules/react-native/ReactCommon/callinvoker"
  React-Codegen:
    :path: build/generated/ios
  React-Core:
    :path: "../node_modules/react-native/"
  React-CoreModules:
    :path: "../node_modules/react-native/React/CoreModules"
  React-cxxreact:
    :path: "../node_modules/react-native/ReactCommon/cxxreact"
  React-Fabric:
    :path: "../node_modules/react-native/ReactCommon"
  React-graphics:
    :path: "../node_modules/react-native/ReactCommon/react/renderer/graphics"
  React-jsi:
    :path: "../node_modules/react-native/ReactCommon/jsi"
  React-jsiexecutor:
    :path: "../node_modules/react-native/ReactCommon/jsiexecutor"
  React-jsinspector:
    :path: "../node_modules/react-native/ReactCommon/jsinspector"
  React-logger:
    :path: "../node_modules/react-native/ReactCommon/logger"
  react-native-safe-area-context:
    :path: "../node_modules/react-native-safe-area-context"
  React-perflogger:
    :path: "../node_modules/react-native/ReactCommon/reactperflogger"
  React-RCTActionSheet:
    :path: "../node_modules/react-native/Libraries/ActionSheetIOS"
  React-RCTAnimation:
    :path: "../node_modules/react-native/Libraries/NativeAnimation"
  React-RCTBlob:
    :path: "../node_modules/react-native/Libraries/Blob"
  React-RCTFabric:
    :path: "../node_modules/react-native/React"
  React-RCTImage:
    :path: "../node_modules/react-native/Libraries/Image"
  React-RCTLinking:
    :path: "../node_modules/react-native/Libraries/LinkingIOS"
  React-RCTNetwork:
    :path: "../node_modules/react-native/Libraries/Network"
  React-RCTSettings:
    :path: "../node_modules/react-native/Libraries/Settings"
  React-RCTText:
    :path: "../node_modules/react-native/Libraries/Text"
  React-RCTVibration:
    :path: "../node_modules/react-native/Libraries/Vibration"
  React-rncore:
    :path: "../node_modules/react-native/ReactCommon"
  React-runtimeexecutor:
    :path: "../node_modules/react-native/ReactCommon/runtimeexecutor"
  ReactCommon:
    :path: "../node_modules/react-native/ReactCommon"
  RNScreens:
    :path: "../.."
  Yoga:
    :path: "../node_modules/react-native/ReactCommon/yoga"

SPEC CHECKSUMS:
  boost: a7c83b31436843459a1961bfd74b96033dc77234
  CocoaAsyncSocket: 065fd1e645c7abab64f7a6a2007a48038fdc6a99
  DoubleConversion: 831926d9b8bf8166fd87886c4abab286c2422662
  FBLazyVector: 8ae52f7f3a583edd6e04c8feceda25e0169a29ad
  FBReactNativeSpec: e882805a3eafb0feddf45c9ad79bb39297cd9f81
  Flipper: 26fc4b7382499f1281eb8cb921e5c3ad6de91fe0
  Flipper-Boost-iOSX: fd1e2b8cbef7e662a122412d7ac5f5bea715403c
  Flipper-DoubleConversion: 57ffbe81ef95306cc9e69c4aa3aeeeeb58a6a28c
  Flipper-Fmt: 60cbdd92fc254826e61d669a5d87ef7015396a9b
  Flipper-Folly: 584845625005ff068a6ebf41f857f468decd26b3
  Flipper-Glog: 05579840e2750ec907ee2f81544f41ad76a7cae4
  Flipper-PeerTalk: 116d8f857dc6ef55c7a5a75ea3ceaafe878aadc9
  Flipper-RSocket: d9d9ade67cbecf6ac10730304bf5607266dd2541
  FlipperKit: cbdee19bdd4e7f05472a66ce290f1b729ba3cb86
  fmt: ff9d55029c625d3757ed641535fd4a75fedc7ce9
  glog: 476ee3e89abb49e07f822b48323c51c57124b572
  libevent: 4049cae6c81cdb3654a443be001fb9bdceff7913
  OpenSSL-Universal: ebc357f1e6bc71fa463ccb2fe676756aff50e88c
  RCT-Folly: 803a9cfd78114b2ec0f140cfa6fa2a6bafb2d685
  RCTRequired: d71a0c6a15dde3b1f530e14cd09bd1391549cb1a
  RCTTypeSafety: d683c8c90d87763f77adbdcb6ed55d217be28593
  React: e24a47036e52a6d888b85eee029af93819c8da37
  React-callinvoker: 03cbd7e3bf25672db75dda59ac9e8da1b2c84591
  React-Codegen: fcb1edf5838478a1d2723bfae7be0926fb70830f
  React-Core: 5d87a3aab6ebb533c49a10a802985c09a0ea23d6
  React-CoreModules: d3e9d319746bbaa2bd15613679976e0d56671937
  React-cxxreact: 1846bfb211a3d0fe65c2fb3ea4b067802d8314c1
  React-Fabric: 4d9442704e4b6ae97a726461fd1a4bf4036de04b
  React-graphics: 79df54aceda8f14672828230139537dc3191b8c9
  React-jsi: 4d9abfaf649cd1b1f2cdc9918d0b6119fe2553ea
  React-jsiexecutor: b0ad6cf1d46cacdc469d63074e51a59ae60cbd28
  React-jsinspector: 4896b185407230e2581c4626015122434d3d1ead
  React-logger: 00a98959200c97b04f4882d28dfb43ac9812f188
  react-native-safe-area-context: 584dc04881deb49474363f3be89e4ca0e854c057
  React-perflogger: aa4edcfae3e2930c4c8a144bf04c350ad406a1d8
  React-RCTActionSheet: 56da445c0c4bb54ce5f5d3ac42e832544298ff22
  React-RCTAnimation: d00a7a91a5a63b7222502d881398f9aa6e20bf2a
  React-RCTBlob: 14e5fe6a00e5581478923cd4014123ceb3feedca
  React-RCTFabric: 4d1fdbac15ea603e098866d02505fa3034c57ac4
  React-RCTImage: 96f95c8cb8595129e7ee68005af3ed8da4e44a77
  React-RCTLinking: 810f78bd9c244aef04cd08f360e96560e4f578ab
  React-RCTNetwork: 11a15283e8cbb2a4a4302db6fc0e428d73c4ab0d
  React-RCTSettings: fbae69b4b49d81e8cef9aed84b9335cb15be9865
  React-RCTText: 19806199f197d363dbb51b0a4d18707307ac9a99
  React-RCTVibration: 014cee85dc1d0eae09eb85d61fd834a0f63dbc18
  React-rncore: 6f2ec3754095fc5b4d68f36d597d41a8121ae4ef
  React-runtimeexecutor: 8c74ce88314e63204109942a39fd3c750597757b
  ReactCommon: 16be13a065304bc9c9c2d495cd881980ee9008b6
  RNScreens: b5e52470e5b7dae5d84c341e32d3d9c6eeae7999
  SocketRocket: fccef3f9c5cedea1353a9ef6ada904fde10d6608
  Yoga: 4b6747a93362432c0c22623c7b3b45fd63eafb4e
  YogaKit: f782866e155069a2cca2517aafea43200b01fd5a

PODFILE CHECKSUM: 610957e4e03796e1b79501f7af54caaa9629f351

COCOAPODS: 1.11.2
