{
  "version": 1,
  "dependencies": {
    "native,Version=v0.0": {
      "Microsoft.Windows.CppWinRT": {
        "type": "Direct",
        "requested": "[2.0.200316.3, 2.0.200316.3]",
        "resolved": "2.0.200316.3",
        "contentHash": "7/k6heapn4YD+Z+Pd7Li0EZJdtiuQu13xcdn+TjvEcUGLu5I4/vd3rrpp9UgdmGA+TGqIXr75jS7KukiFCArFw=="
      }
    }
  }
}