# This file is generated by running "yarn install" inside your project.
# Manual changes might be lost - proceed with caution!

__metadata:
  version: 8
  cacheKey: 10c0

"@rnscreens/apps@workspace:.":
  version: 0.0.0-use.local
  resolution: "@rnscreens/apps@workspace:."
  dependencies:
    eslint-plugin-local-rules: "link:./eslint-plugin-local-rules"
  peerDependencies:
    "@react-navigation/bottom-tabs": "*"
    "@react-navigation/core": "*"
    "@react-navigation/drawer": "*"
    "@react-navigation/elements": "*"
    "@react-navigation/native": "*"
    "@react-navigation/native-stack": "*"
    "@react-navigation/routers": "*"
    "@react-navigation/stack": "*"
    jotai: "*"
    nanoid: "*"
    react: "*"
    react-native: "*"
    react-native-gesture-handler: "*"
    react-native-reanimated: "*"
    react-native-restart: "*"
    react-native-safe-area-context: "*"
    react-native-screens: "*"
    react-native-worklets: "*"
  languageName: unknown
  linkType: soft

"eslint-plugin-local-rules@link:./eslint-plugin-local-rules::locator=%40rnscreens%2Fapps%40workspace%3A.":
  version: 0.0.0-use.local
  resolution: "eslint-plugin-local-rules@link:./eslint-plugin-local-rules::locator=%40rnscreens%2Fapps%40workspace%3A."
  languageName: node
  linkType: soft
